// !$*UTF8*$!
{
	archiveVersion = 1;
	classes = {
	};
	objectVersion = 77;
	objects = {

/* Begin PBXBuildFile section */
		E17783C32E900B1800E047F4 /* WidgetKit.framework in Frameworks */ = {isa = PBXBuildFile; fileRef = E17783C22E900B1800E047F4 /* WidgetKit.framework */; };
		E17783C52E900B1900E047F4 /* SwiftUI.framework in Frameworks */ = {isa = PBXBuildFile; fileRef = E17783C42E900B1900E047F4 /* SwiftUI.framework */; };
		E17783D62E900B1C00E047F4 /* HarborDotWidgetExtension.appex in Embed Foundation Extensions */ = {isa = PBXBuildFile; fileRef = E17783C02E900B1800E047F4 /* HarborDotWidgetExtension.appex */; settings = {ATTRIBUTES = (RemoveHeadersOnCopy, ); }; };
/* End PBXBuildFile section */

/* Begin PBXContainerItemProxy section */
		E17783722E8DB0FE00E047F4 /* PBXContainerItemProxy */ = {
			isa = PBXContainerItemProxy;
			containerPortal = E177835A2E8DB0FA00E047F4 /* Project object */;
			proxyType = 1;
			remoteGlobalIDString = E17783612E8DB0FA00E047F4;
			remoteInfo = BulletJournal;
		};
		E177837C2E8DB0FE00E047F4 /* PBXContainerItemProxy */ = {
			isa = PBXContainerItemProxy;
			containerPortal = E177835A2E8DB0FA00E047F4 /* Project object */;
			proxyType = 1;
			remoteGlobalIDString = E17783612E8DB0FA00E047F4;
			remoteInfo = BulletJournal;
		};
		E17783D42E900B1C00E047F4 /* PBXContainerItemProxy */ = {
			isa = PBXContainerItemProxy;
			containerPortal = E177835A2E8DB0FA00E047F4 /* Project object */;
			proxyType = 1;
			remoteGlobalIDString = E17783BF2E900B1800E047F4;
			remoteInfo = HarborDotWidgetExtension;
		};
/* End PBXContainerItemProxy section */

/* Begin PBXCopyFilesBuildPhase section */
		E17783DB2E900B1C00E047F4 /* Embed Foundation Extensions */ = {
			isa = PBXCopyFilesBuildPhase;
			buildActionMask = 2147483647;
			dstPath = "";
			dstSubfolderSpec = 13;
			files = (
				E17783D62E900B1C00E047F4 /* HarborDotWidgetExtension.appex in Embed Foundation Extensions */,
			);
			name = "Embed Foundation Extensions";
			runOnlyForDeploymentPostprocessing = 0;
		};
/* End PBXCopyFilesBuildPhase section */

/* Begin PBXFileReference section */
		E17783622E8DB0FA00E047F4 /* HarborDot.app */ = {isa = PBXFileReference; explicitFileType = wrapper.application; includeInIndex = 0; path = HarborDot.app; sourceTree = BUILT_PRODUCTS_DIR; };
		E17783712E8DB0FE00E047F4 /* HarborDotTests.xctest */ = {isa = PBXFileReference; explicitFileType = wrapper.cfbundle; includeInIndex = 0; path = HarborDotTests.xctest; sourceTree = BUILT_PRODUCTS_DIR; };
		E177837B2E8DB0FE00E047F4 /* HarborDotUITests.xctest */ = {isa = PBXFileReference; explicitFileType = wrapper.cfbundle; includeInIndex = 0; path = HarborDotUITests.xctest; sourceTree = BUILT_PRODUCTS_DIR; };
		E17783BB2E8F42C800E047F4 /* HarborDot-Info.plist */ = {isa = PBXFileReference; lastKnownFileType = text.plist; path = "HarborDot-Info.plist"; sourceTree = "<group>"; };
		E17783C02E900B1800E047F4 /* HarborDotWidgetExtension.appex */ = {isa = PBXFileReference; explicitFileType = "wrapper.app-extension"; includeInIndex = 0; path = HarborDotWidgetExtension.appex; sourceTree = BUILT_PRODUCTS_DIR; };
		E17783C22E900B1800E047F4 /* WidgetKit.framework */ = {isa = PBXFileReference; lastKnownFileType = wrapper.framework; name = WidgetKit.framework; path = System/Library/Frameworks/WidgetKit.framework; sourceTree = SDKROOT; };
		E17783C42E900B1900E047F4 /* SwiftUI.framework */ = {isa = PBXFileReference; lastKnownFileType = wrapper.framework; name = SwiftUI.framework; path = System/Library/Frameworks/SwiftUI.framework; sourceTree = SDKROOT; };
		E17783DC2E900BC300E047F4 /* HarborDotWidgetExtension.entitlements */ = {isa = PBXFileReference; lastKnownFileType = text.plist.entitlements; path = HarborDotWidgetExtension.entitlements; sourceTree = "<group>"; };
/* End PBXFileReference section */

/* Begin PBXFileSystemSynchronizedBuildFileExceptionSet section */
		E17783D72E900B1C00E047F4 /* Exceptions for "HarborDotWidget" folder in "HarborDotWidgetExtension" target */ = {
			isa = PBXFileSystemSynchronizedBuildFileExceptionSet;
			membershipExceptions = (
				Info.plist,
			);
			target = E17783BF2E900B1800E047F4 /* HarborDotWidgetExtension */;
		};
		E17783E32E900E7C00E047F4 /* Exceptions for "BulletJournal" folder in "HarborDotWidgetExtension" target */ = {
			isa = PBXFileSystemSynchronizedBuildFileExceptionSet;
			membershipExceptions = (
				Helpers/AppTheme.swift,
				Helpers/ColorExtensions.swift,
				Helpers/DateExtensions.swift,
				Helpers/DeepLinkHandler.swift,
				Helpers/HapticManager.swift,
				Helpers/NotificationManager.swift,
				Helpers/RecurrenceManager.swift,
				Helpers/SharedModelContainer.swift,
				Models/AppSettings.swift,
				Models/DayLog.swift,
				Models/RecurrenceRule.swift,
				Models/TaskItem.swift,
			);
			target = E17783BF2E900B1800E047F4 /* HarborDotWidgetExtension */;
		};
/* End PBXFileSystemSynchronizedBuildFileExceptionSet section */

/* Begin PBXFileSystemSynchronizedRootGroup section */
		E17783642E8DB0FA00E047F4 /* BulletJournal */ = {
			isa = PBXFileSystemSynchronizedRootGroup;
			exceptions = (
				E17783E32E900E7C00E047F4 /* Exceptions for "BulletJournal" folder in "HarborDotWidgetExtension" target */,
			);
			path = BulletJournal;
			sourceTree = "<group>";
		};
		E17783742E8DB0FE00E047F4 /* BulletJournalTests */ = {
			isa = PBXFileSystemSynchronizedRootGroup;
			path = BulletJournalTests;
			sourceTree = "<group>";
		};
		E177837E2E8DB0FE00E047F4 /* BulletJournalUITests */ = {
			isa = PBXFileSystemSynchronizedRootGroup;
			path = BulletJournalUITests;
			sourceTree = "<group>";
		};
		E17783C62E900B1900E047F4 /* HarborDotWidget */ = {
			isa = PBXFileSystemSynchronizedRootGroup;
			exceptions = (
				E17783D72E900B1C00E047F4 /* Exceptions for "HarborDotWidget" folder in "HarborDotWidgetExtension" target */,
			);
			path = HarborDotWidget;
			sourceTree = "<group>";
		};
/* End PBXFileSystemSynchronizedRootGroup section */

/* Begin PBXFrameworksBuildPhase section */
		E177835F2E8DB0FA00E047F4 /* Frameworks */ = {
			isa = PBXFrameworksBuildPhase;
			buildActionMask = 2147483647;
			files = (
			);
			runOnlyForDeploymentPostprocessing = 0;
		};
		E177836E2E8DB0FE00E047F4 /* Frameworks */ = {
			isa = PBXFrameworksBuildPhase;
			buildActionMask = 2147483647;
			files = (
			);
			runOnlyForDeploymentPostprocessing = 0;
		};
		E17783782E8DB0FE00E047F4 /* Frameworks */ = {
			isa = PBXFrameworksBuildPhase;
			buildActionMask = 2147483647;
			files = (
			);
			runOnlyForDeploymentPostprocessing = 0;
		};
		E17783BD2E900B1800E047F4 /* Frameworks */ = {
			isa = PBXFrameworksBuildPhase;
			buildActionMask = 2147483647;
			files = (
				E17783C52E900B1900E047F4 /* SwiftUI.framework in Frameworks */,
				E17783C32E900B1800E047F4 /* WidgetKit.framework in Frameworks */,
			);
			runOnlyForDeploymentPostprocessing = 0;
		};
/* End PBXFrameworksBuildPhase section */

/* Begin PBXGroup section */
		E17783592E8DB0FA00E047F4 = {
			isa = PBXGroup;
			children = (
				E17783DC2E900BC300E047F4 /* HarborDotWidgetExtension.entitlements */,
				E17783BB2E8F42C800E047F4 /* HarborDot-Info.plist */,
				E17783642E8DB0FA00E047F4 /* BulletJournal */,
				E17783742E8DB0FE00E047F4 /* BulletJournalTests */,
				E177837E2E8DB0FE00E047F4 /* BulletJournalUITests */,
				E17783C62E900B1900E047F4 /* HarborDotWidget */,
				E17783C12E900B1800E047F4 /* Frameworks */,
				E17783632E8DB0FA00E047F4 /* Products */,
			);
			sourceTree = "<group>";
		};
		E17783632E8DB0FA00E047F4 /* Products */ = {
			isa = PBXGroup;
			children = (
				E17783622E8DB0FA00E047F4 /* HarborDot.app */,
				E17783712E8DB0FE00E047F4 /* HarborDotTests.xctest */,
				E177837B2E8DB0FE00E047F4 /* HarborDotUITests.xctest */,
				E17783C02E900B1800E047F4 /* HarborDotWidgetExtension.appex */,
			);
			name = Products;
			sourceTree = "<group>";
		};
		E17783C12E900B1800E047F4 /* Frameworks */ = {
			isa = PBXGroup;
			children = (
				E17783C22E900B1800E047F4 /* WidgetKit.framework */,
				E17783C42E900B1900E047F4 /* SwiftUI.framework */,
			);
			name = Frameworks;
			sourceTree = "<group>";
		};
/* End PBXGroup section */

/* Begin PBXNativeTarget section */
		E17783612E8DB0FA00E047F4 /* HarborDot */ = {
			isa = PBXNativeTarget;
			buildConfigurationList = E17783852E8DB0FE00E047F4 /* Build configuration list for PBXNativeTarget "HarborDot" */;
			buildPhases = (
				E177835E2E8DB0FA00E047F4 /* Sources */,
				E177835F2E8DB0FA00E047F4 /* Frameworks */,
				E17783602E8DB0FA00E047F4 /* Resources */,
				E17783DB2E900B1C00E047F4 /* Embed Foundation Extensions */,
			);
			buildRules = (
			);
			dependencies = (
				E17783D52E900B1C00E047F4 /* PBXTargetDependency */,
			);
			fileSystemSynchronizedGroups = (
				E17783642E8DB0FA00E047F4 /* BulletJournal */,
			);
			name = HarborDot;
			packageProductDependencies = (
			);
			productName = BulletJournal;
			productReference = E17783622E8DB0FA00E047F4 /* HarborDot.app */;
			productType = "com.apple.product-type.application";
		};
		E17783702E8DB0FE00E047F4 /* HarborDotTests */ = {
			isa = PBXNativeTarget;
			buildConfigurationList = E17783882E8DB0FE00E047F4 /* Build configuration list for PBXNativeTarget "HarborDotTests" */;
			buildPhases = (
				E177836D2E8DB0FE00E047F4 /* Sources */,
				E177836E2E8DB0FE00E047F4 /* Frameworks */,
				E177836F2E8DB0FE00E047F4 /* Resources */,
			);
			buildRules = (
			);
			dependencies = (
				E17783732E8DB0FE00E047F4 /* PBXTargetDependency */,
			);
			fileSystemSynchronizedGroups = (
				E17783742E8DB0FE00E047F4 /* BulletJournalTests */,
			);
			name = HarborDotTests;
			packageProductDependencies = (
			);
			productName = BulletJournalTests;
			productReference = E17783712E8DB0FE00E047F4 /* HarborDotTests.xctest */;
			productType = "com.apple.product-type.bundle.unit-test";
		};
		E177837A2E8DB0FE00E047F4 /* HarborDotUITests */ = {
			isa = PBXNativeTarget;
			buildConfigurationList = E177838B2E8DB0FE00E047F4 /* Build configuration list for PBXNativeTarget "HarborDotUITests" */;
			buildPhases = (
				E17783772E8DB0FE00E047F4 /* Sources */,
				E17783782E8DB0FE00E047F4 /* Frameworks */,
				E17783792E8DB0FE00E047F4 /* Resources */,
			);
			buildRules = (
			);
			dependencies = (
				E177837D2E8DB0FE00E047F4 /* PBXTargetDependency */,
			);
			fileSystemSynchronizedGroups = (
				E177837E2E8DB0FE00E047F4 /* BulletJournalUITests */,
			);
			name = HarborDotUITests;
			packageProductDependencies = (
			);
			productName = BulletJournalUITests;
			productReference = E177837B2E8DB0FE00E047F4 /* HarborDotUITests.xctest */;
			productType = "com.apple.product-type.bundle.ui-testing";
		};
		E17783BF2E900B1800E047F4 /* HarborDotWidgetExtension */ = {
			isa = PBXNativeTarget;
			buildConfigurationList = E17783D82E900B1C00E047F4 /* Build configuration list for PBXNativeTarget "HarborDotWidgetExtension" */;
			buildPhases = (
				E17783BC2E900B1800E047F4 /* Sources */,
				E17783BD2E900B1800E047F4 /* Frameworks */,
				E17783BE2E900B1800E047F4 /* Resources */,
			);
			buildRules = (
			);
			dependencies = (
			);
			fileSystemSynchronizedGroups = (
				E17783C62E900B1900E047F4 /* HarborDotWidget */,
			);
			name = HarborDotWidgetExtension;
			packageProductDependencies = (
			);
			productName = HarborDotWidgetExtension;
			productReference = E17783C02E900B1800E047F4 /* HarborDotWidgetExtension.appex */;
			productType = "com.apple.product-type.app-extension";
		};
/* End PBXNativeTarget section */

/* Begin PBXProject section */
		E177835A2E8DB0FA00E047F4 /* Project object */ = {
			isa = PBXProject;
			attributes = {
				BuildIndependentTargetsInParallel = 1;
				LastSwiftUpdateCheck = 2600;
				LastUpgradeCheck = 2600;
				TargetAttributes = {
					E17783612E8DB0FA00E047F4 = {
						CreatedOnToolsVersion = 26.0.1;
					};
					E17783702E8DB0FE00E047F4 = {
						CreatedOnToolsVersion = 26.0.1;
						TestTargetID = E17783612E8DB0FA00E047F4;
					};
					E177837A2E8DB0FE00E047F4 = {
						CreatedOnToolsVersion = 26.0.1;
						TestTargetID = E17783612E8DB0FA00E047F4;
					};
					E17783BF2E900B1800E047F4 = {
						CreatedOnToolsVersion = 26.0.1;
					};
				};
			};
			buildConfigurationList = E177835D2E8DB0FA00E047F4 /* Build configuration list for PBXProject "HarborDot" */;
			developmentRegion = en;
			hasScannedForEncodings = 0;
			knownRegions = (
				en,
				Base,
			);
			mainGroup = E17783592E8DB0FA00E047F4;
			minimizedProjectReferenceProxies = 1;
			preferredProjectObjectVersion = 77;
			productRefGroup = E17783632E8DB0FA00E047F4 /* Products */;
			projectDirPath = "";
			projectRoot = "";
			targets = (
				E17783612E8DB0FA00E047F4 /* HarborDot */,
				E17783702E8DB0FE00E047F4 /* HarborDotTests */,
				E177837A2E8DB0FE00E047F4 /* HarborDotUITests */,
				E17783BF2E900B1800E047F4 /* HarborDotWidgetExtension */,
			);
		};
/* End PBXProject section */

/* Begin PBXResourcesBuildPhase section */
		E17783602E8DB0FA00E047F4 /* Resources */ = {
			isa = PBXResourcesBuildPhase;
			buildActionMask = 2147483647;
			files = (
			);
			runOnlyForDeploymentPostprocessing = 0;
		};
		E177836F2E8DB0FE00E047F4 /* Resources */ = {
			isa = PBXResourcesBuildPhase;
			buildActionMask = 2147483647;
			files = (
			);
			runOnlyForDeploymentPostprocessing = 0;
		};
		E17783792E8DB0FE00E047F4 /* Resources */ = {
			isa = PBXResourcesBuildPhase;
			buildActionMask = 2147483647;
			files = (
			);
			runOnlyForDeploymentPostprocessing = 0;
		};
		E17783BE2E900B1800E047F4 /* Resources */ = {
			isa = PBXResourcesBuildPhase;
			buildActionMask = 2147483647;
			files = (
			);
			runOnlyForDeploymentPostprocessing = 0;
		};
/* End PBXResourcesBuildPhase section */

/* Begin PBXSourcesBuildPhase section */
		E177835E2E8DB0FA00E047F4 /* Sources */ = {
			isa = PBXSourcesBuildPhase;
			buildActionMask = 2147483647;
			files = (
			);
			runOnlyForDeploymentPostprocessing = 0;
		};
		E177836D2E8DB0FE00E047F4 /* Sources */ = {
			isa = PBXSourcesBuildPhase;
			buildActionMask = 2147483647;
			files = (
			);
			runOnlyForDeploymentPostprocessing = 0;
		};
		E17783772E8DB0FE00E047F4 /* Sources */ = {
			isa = PBXSourcesBuildPhase;
			buildActionMask = 2147483647;
			files = (
			);
			runOnlyForDeploymentPostprocessing = 0;
		};
		E17783BC2E900B1800E047F4 /* Sources */ = {
			isa = PBXSourcesBuildPhase;
			buildActionMask = 2147483647;
			files = (
			);
			runOnlyForDeploymentPostprocessing = 0;
		};
/* End PBXSourcesBuildPhase section */

/* Begin PBXTargetDependency section */
		E17783732E8DB0FE00E047F4 /* PBXTargetDependency */ = {
			isa = PBXTargetDependency;
			target = E17783612E8DB0FA00E047F4 /* HarborDot */;
			targetProxy = E17783722E8DB0FE00E047F4 /* PBXContainerItemProxy */;
		};
		E177837D2E8DB0FE00E047F4 /* PBXTargetDependency */ = {
			isa = PBXTargetDependency;
			target = E17783612E8DB0FA00E047F4 /* HarborDot */;
			targetProxy = E177837C2E8DB0FE00E047F4 /* PBXContainerItemProxy */;
		};
		E17783D52E900B1C00E047F4 /* PBXTargetDependency */ = {
			isa = PBXTargetDependency;
			target = E17783BF2E900B1800E047F4 /* HarborDotWidgetExtension */;
			targetProxy = E17783D42E900B1C00E047F4 /* PBXContainerItemProxy */;
		};
/* End PBXTargetDependency section */

/* Begin XCBuildConfiguration section */
		E17783832E8DB0FE00E047F4 /* Debug */ = {
			isa = XCBuildConfiguration;
			buildSettings = {
				ALWAYS_SEARCH_USER_PATHS = NO;
				ASSETCATALOG_COMPILER_GENERATE_SWIFT_ASSET_SYMBOL_EXTENSIONS = YES;
				CLANG_ANALYZER_NONNULL = YES;
				CLANG_ANALYZER_NUMBER_OBJECT_CONVERSION = YES_AGGRESSIVE;
				CLANG_CXX_LANGUAGE_STANDARD = "gnu++20";
				CLANG_ENABLE_MODULES = YES;
				CLANG_ENABLE_OBJC_ARC = YES;
				CLANG_ENABLE_OBJC_WEAK = YES;
				CLANG_WARN_BLOCK_CAPTURE_AUTORELEASING = YES;
				CLANG_WARN_BOOL_CONVERSION = YES;
				CLANG_WARN_COMMA = YES;
				CLANG_WARN_CONSTANT_CONVERSION = YES;
				CLANG_WARN_DEPRECATED_OBJC_IMPLEMENTATIONS = YES;
				CLANG_WARN_DIRECT_OBJC_ISA_USAGE = YES_ERROR;
				CLANG_WARN_DOCUMENTATION_COMMENTS = YES;
				CLANG_WARN_EMPTY_BODY = YES;
				CLANG_WARN_ENUM_CONVERSION = YES;
				CLANG_WARN_INFINITE_RECURSION = YES;
				CLANG_WARN_INT_CONVERSION = YES;
				CLANG_WARN_NON_LITERAL_NULL_CONVERSION = YES;
				CLANG_WARN_OBJC_IMPLICIT_RETAIN_SELF = YES;
				CLANG_WARN_OBJC_LITERAL_CONVERSION = YES;
				CLANG_WARN_OBJC_ROOT_CLASS = YES_ERROR;
				CLANG_WARN_QUOTED_INCLUDE_IN_FRAMEWORK_HEADER = YES;
				CLANG_WARN_RANGE_LOOP_ANALYSIS = YES;
				CLANG_WARN_STRICT_PROTOTYPES = YES;
				CLANG_WARN_SUSPICIOUS_MOVE = YES;
				CLANG_WARN_UNGUARDED_AVAILABILITY = YES_AGGRESSIVE;
				CLANG_WARN_UNREACHABLE_CODE = YES;
				CLANG_WARN__DUPLICATE_METHOD_MATCH = YES;
				COPY_PHASE_STRIP = NO;
				DEBUG_INFORMATION_FORMAT = dwarf;
				DEVELOPMENT_TEAM = HX76BH5U54;
				ENABLE_STRICT_OBJC_MSGSEND = YES;
				ENABLE_TESTABILITY = YES;
				ENABLE_USER_SCRIPT_SANDBOXING = YES;
				GCC_C_LANGUAGE_STANDARD = gnu17;
				GCC_DYNAMIC_NO_PIC = NO;
				GCC_NO_COMMON_BLOCKS = YES;
				GCC_OPTIMIZATION_LEVEL = 0;
				GCC_PREPROCESSOR_DEFINITIONS = (
					"DEBUG=1",
					"$(inherited)",
				);
				GCC_WARN_64_TO_32_BIT_CONVERSION = YES;
				GCC_WARN_ABOUT_RETURN_TYPE = YES_ERROR;
				GCC_WARN_UNDECLARED_SELECTOR = YES;
				GCC_WARN_UNINITIALIZED_AUTOS = YES_AGGRESSIVE;
				GCC_WARN_UNUSED_FUNCTION = YES;
				GCC_WARN_UNUSED_VARIABLE = YES;
				IPHONEOS_DEPLOYMENT_TARGET = 26.0;
				LOCALIZATION_PREFERS_STRING_CATALOGS = YES;
				MTL_ENABLE_DEBUG_INFO = INCLUDE_SOURCE;
				MTL_FAST_MATH = YES;
				ONLY_ACTIVE_ARCH = YES;
				SDKROOT = iphoneos;
				SWIFT_ACTIVE_COMPILATION_CONDITIONS = "DEBUG $(inherited)";
				SWIFT_OPTIMIZATION_LEVEL = "-Onone";
			};
			name = Debug;
		};
		E17783842E8DB0FE00E047F4 /* Release */ = {
			isa = XCBuildConfiguration;
			buildSettings = {
				ALWAYS_SEARCH_USER_PATHS = NO;
				ASSETCATALOG_COMPILER_GENERATE_SWIFT_ASSET_SYMBOL_EXTENSIONS = YES;
				CLANG_ANALYZER_NONNULL = YES;
				CLANG_ANALYZER_NUMBER_OBJECT_CONVERSION = YES_AGGRESSIVE;
				CLANG_CXX_LANGUAGE_STANDARD = "gnu++20";
				CLANG_ENABLE_MODULES = YES;
				CLANG_ENABLE_OBJC_ARC = YES;
				CLANG_ENABLE_OBJC_WEAK = YES;
				CLANG_WARN_BLOCK_CAPTURE_AUTORELEASING = YES;
				CLANG_WARN_BOOL_CONVERSION = YES;
				CLANG_WARN_COMMA = YES;
				CLANG_WARN_CONSTANT_CONVERSION = YES;
				CLANG_WARN_DEPRECATED_OBJC_IMPLEMENTATIONS = YES;
				CLANG_WARN_DIRECT_OBJC_ISA_USAGE = YES_ERROR;
				CLANG_WARN_DOCUMENTATION_COMMENTS = YES;
				CLANG_WARN_EMPTY_BODY = YES;
				CLANG_WARN_ENUM_CONVERSION = YES;
				CLANG_WARN_INFINITE_RECURSION = YES;
				CLANG_WARN_INT_CONVERSION = YES;
				CLANG_WARN_NON_LITERAL_NULL_CONVERSION = YES;
				CLANG_WARN_OBJC_IMPLICIT_RETAIN_SELF = YES;
				CLANG_WARN_OBJC_LITERAL_CONVERSION = YES;
				CLANG_WARN_OBJC_ROOT_CLASS = YES_ERROR;
				CLANG_WARN_QUOTED_INCLUDE_IN_FRAMEWORK_HEADER = YES;
				CLANG_WARN_RANGE_LOOP_ANALYSIS = YES;
				CLANG_WARN_STRICT_PROTOTYPES = YES;
				CLANG_WARN_SUSPICIOUS_MOVE = YES;
				CLANG_WARN_UNGUARDED_AVAILABILITY = YES_AGGRESSIVE;
				CLANG_WARN_UNREACHABLE_CODE = YES;
				CLANG_WARN__DUPLICATE_METHOD_MATCH = YES;
				COPY_PHASE_STRIP = NO;
				DEBUG_INFORMATION_FORMAT = "dwarf-with-dsym";
				DEVELOPMENT_TEAM = HX76BH5U54;
				ENABLE_NS_ASSERTIONS = NO;
				ENABLE_STRICT_OBJC_MSGSEND = YES;
				ENABLE_USER_SCRIPT_SANDBOXING = YES;
				GCC_C_LANGUAGE_STANDARD = gnu17;
				GCC_NO_COMMON_BLOCKS = YES;
				GCC_WARN_64_TO_32_BIT_CONVERSION = YES;
				GCC_WARN_ABOUT_RETURN_TYPE = YES_ERROR;
				GCC_WARN_UNDECLARED_SELECTOR = YES;
				GCC_WARN_UNINITIALIZED_AUTOS = YES_AGGRESSIVE;
				GCC_WARN_UNUSED_FUNCTION = YES;
				GCC_WARN_UNUSED_VARIABLE = YES;
				IPHONEOS_DEPLOYMENT_TARGET = 26.0;
				LOCALIZATION_PREFERS_STRING_CATALOGS = YES;
				MTL_ENABLE_DEBUG_INFO = NO;
				MTL_FAST_MATH = YES;
				SDKROOT = iphoneos;
				SWIFT_COMPILATION_MODE = wholemodule;
				VALIDATE_PRODUCT = YES;
			};
			name = Release;
		};
		E17783862E8DB0FE00E047F4 /* Debug */ = {
			isa = XCBuildConfiguration;
			buildSettings = {
				ASSETCATALOG_COMPILER_APPICON_NAME = AppIcon;
				ASSETCATALOG_COMPILER_GLOBAL_ACCENT_COLOR_NAME = AccentColor;
				CODE_SIGN_ENTITLEMENTS = BulletJournal/BulletJournal.entitlements;
				CODE_SIGN_STYLE = Automatic;
				CURRENT_PROJECT_VERSION = 1;
				DEVELOPMENT_TEAM = HX76BH5U54;
				ENABLE_PREVIEWS = YES;
				GENERATE_INFOPLIST_FILE = YES;
				INFOPLIST_FILE = "HarborDot-Info.plist";
				INFOPLIST_KEY_UIApplicationSceneManifest_Generation = YES;
				INFOPLIST_KEY_UIApplicationSupportsIndirectInputEvents = YES;
				INFOPLIST_KEY_UILaunchScreen_Generation = YES;
				INFOPLIST_KEY_UISupportedInterfaceOrientations_iPad = "UIInterfaceOrientationPortrait UIInterfaceOrientationPortraitUpsideDown UIInterfaceOrientationLandscapeLeft UIInterfaceOrientationLandscapeRight";
				INFOPLIST_KEY_UISupportedInterfaceOrientations_iPhone = "UIInterfaceOrientationPortrait UIInterfaceOrientationLandscapeLeft UIInterfaceOrientationLandscapeRight";
				LD_RUNPATH_SEARCH_PATHS = (
					"$(inherited)",
					"@executable_path/Frameworks",
				);
				MARKETING_VERSION = 1.0;
				PRODUCT_BUNDLE_IDENTIFIER = com.sanders.HarborDot;
				PRODUCT_NAME = "$(TARGET_NAME)";
				STRING_CATALOG_GENERATE_SYMBOLS = YES;
				SWIFT_APPROACHABLE_CONCURRENCY = YES;
				SWIFT_DEFAULT_ACTOR_ISOLATION = MainActor;
				SWIFT_EMIT_LOC_STRINGS = YES;
				SWIFT_UPCOMING_FEATURE_MEMBER_IMPORT_VISIBILITY = YES;
				SWIFT_VERSION = 5.0;
				TARGETED_DEVICE_FAMILY = "1,2";
			};
			name = Debug;
		};
		E17783872E8DB0FE00E047F4 /* Release */ = {
			isa = XCBuildConfiguration;
			buildSettings = {
				ASSETCATALOG_COMPILER_APPICON_NAME = AppIcon;
				ASSETCATALOG_COMPILER_GLOBAL_ACCENT_COLOR_NAME = AccentColor;
				CODE_SIGN_ENTITLEMENTS = BulletJournal/BulletJournal.entitlements;
				CODE_SIGN_STYLE = Automatic;
				CURRENT_PROJECT_VERSION = 1;
				DEVELOPMENT_TEAM = HX76BH5U54;
				ENABLE_PREVIEWS = YES;
				GENERATE_INFOPLIST_FILE = YES;
				INFOPLIST_FILE = "HarborDot-Info.plist";
				INFOPLIST_KEY_UIApplicationSceneManifest_Generation = YES;
				INFOPLIST_KEY_UIApplicationSupportsIndirectInputEvents = YES;
				INFOPLIST_KEY_UILaunchScreen_Generation = YES;
				INFOPLIST_KEY_UISupportedInterfaceOrientations_iPad = "UIInterfaceOrientationPortrait UIInterfaceOrientationPortraitUpsideDown UIInterfaceOrientationLandscapeLeft UIInterfaceOrientationLandscapeRight";
				INFOPLIST_KEY_UISupportedInterfaceOrientations_iPhone = "UIInterfaceOrientationPortrait UIInterfaceOrientationLandscapeLeft UIInterfaceOrientationLandscapeRight";
				LD_RUNPATH_SEARCH_PATHS = (
					"$(inherited)",
					"@executable_path/Frameworks",
				);
				MARKETING_VERSION = 1.0;
				PRODUCT_BUNDLE_IDENTIFIER = com.sanders.HarborDot;
				PRODUCT_NAME = "$(TARGET_NAME)";
				STRING_CATALOG_GENERATE_SYMBOLS = YES;
				SWIFT_APPROACHABLE_CONCURRENCY = YES;
				SWIFT_DEFAULT_ACTOR_ISOLATION = MainActor;
				SWIFT_EMIT_LOC_STRINGS = YES;
				SWIFT_UPCOMING_FEATURE_MEMBER_IMPORT_VISIBILITY = YES;
				SWIFT_VERSION = 5.0;
				TARGETED_DEVICE_FAMILY = "1,2";
			};
			name = Release;
		};
		E17783892E8DB0FE00E047F4 /* Debug */ = {
			isa = XCBuildConfiguration;
			buildSettings = {
				BUNDLE_LOADER = "$(TEST_HOST)";
				CODE_SIGN_STYLE = Automatic;
				CURRENT_PROJECT_VERSION = 1;
				DEVELOPMENT_TEAM = HX76BH5U54;
				GENERATE_INFOPLIST_FILE = YES;
				IPHONEOS_DEPLOYMENT_TARGET = 26.0;
				MARKETING_VERSION = 1.0;
				PRODUCT_BUNDLE_IDENTIFIER = com.sanders.BulletJournalTests;
				PRODUCT_NAME = "$(TARGET_NAME)";
				STRING_CATALOG_GENERATE_SYMBOLS = NO;
				SWIFT_APPROACHABLE_CONCURRENCY = YES;
				SWIFT_EMIT_LOC_STRINGS = NO;
				SWIFT_UPCOMING_FEATURE_MEMBER_IMPORT_VISIBILITY = YES;
				SWIFT_VERSION = 5.0;
				TARGETED_DEVICE_FAMILY = "1,2";
				TEST_HOST = "$(BUILT_PRODUCTS_DIR)/HarborDot.app/$(BUNDLE_EXECUTABLE_FOLDER_PATH)/HarborDot";
			};
			name = Debug;
		};
		E177838A2E8DB0FE00E047F4 /* Release */ = {
			isa = XCBuildConfiguration;
			buildSettings = {
				BUNDLE_LOADER = "$(TEST_HOST)";
				CODE_SIGN_STYLE = Automatic;
				CURRENT_PROJECT_VERSION = 1;
				DEVELOPMENT_TEAM = HX76BH5U54;
				GENERATE_INFOPLIST_FILE = YES;
				IPHONEOS_DEPLOYMENT_TARGET = 26.0;
				MARKETING_VERSION = 1.0;
				PRODUCT_BUNDLE_IDENTIFIER = com.sanders.BulletJournalTests;
				PRODUCT_NAME = "$(TARGET_NAME)";
				STRING_CATALOG_GENERATE_SYMBOLS = NO;
				SWIFT_APPROACHABLE_CONCURRENCY = YES;
				SWIFT_EMIT_LOC_STRINGS = NO;
				SWIFT_UPCOMING_FEATURE_MEMBER_IMPORT_VISIBILITY = YES;
				SWIFT_VERSION = 5.0;
				TARGETED_DEVICE_FAMILY = "1,2";
				TEST_HOST = "$(BUILT_PRODUCTS_DIR)/HarborDot.app/$(BUNDLE_EXECUTABLE_FOLDER_PATH)/HarborDot";
			};
			name = Release;
		};
		E177838C2E8DB0FE00E047F4 /* Debug */ = {
			isa = XCBuildConfiguration;
			buildSettings = {
				CODE_SIGN_STYLE = Automatic;
				CURRENT_PROJECT_VERSION = 1;
				DEVELOPMENT_TEAM = HX76BH5U54;
				GENERATE_INFOPLIST_FILE = YES;
				MARKETING_VERSION = 1.0;
				PRODUCT_BUNDLE_IDENTIFIER = com.sanders.BulletJournalUITests;
				PRODUCT_NAME = "$(TARGET_NAME)";
				STRING_CATALOG_GENERATE_SYMBOLS = NO;
				SWIFT_APPROACHABLE_CONCURRENCY = YES;
				SWIFT_EMIT_LOC_STRINGS = NO;
				SWIFT_UPCOMING_FEATURE_MEMBER_IMPORT_VISIBILITY = YES;
				SWIFT_VERSION = 5.0;
				TARGETED_DEVICE_FAMILY = "1,2";
				TEST_TARGET_NAME = BulletJournal;
			};
			name = Debug;
		};
		E177838D2E8DB0FE00E047F4 /* Release */ = {
			isa = XCBuildConfiguration;
			buildSettings = {
				CODE_SIGN_STYLE = Automatic;
				CURRENT_PROJECT_VERSION = 1;
				DEVELOPMENT_TEAM = HX76BH5U54;
				GENERATE_INFOPLIST_FILE = YES;
				MARKETING_VERSION = 1.0;
				PRODUCT_BUNDLE_IDENTIFIER = com.sanders.BulletJournalUITests;
				PRODUCT_NAME = "$(TARGET_NAME)";
				STRING_CATALOG_GENERATE_SYMBOLS = NO;
				SWIFT_APPROACHABLE_CONCURRENCY = YES;
				SWIFT_EMIT_LOC_STRINGS = NO;
				SWIFT_UPCOMING_FEATURE_MEMBER_IMPORT_VISIBILITY = YES;
				SWIFT_VERSION = 5.0;
				TARGETED_DEVICE_FAMILY = "1,2";
				TEST_TARGET_NAME = BulletJournal;
			};
			name = Release;
		};
		E17783D92E900B1C00E047F4 /* Debug */ = {
			isa = XCBuildConfiguration;
			buildSettings = {
				ASSETCATALOG_COMPILER_GLOBAL_ACCENT_COLOR_NAME = AccentColor;
				ASSETCATALOG_COMPILER_WIDGET_BACKGROUND_COLOR_NAME = WidgetBackground;
				CODE_SIGN_ENTITLEMENTS = HarborDotWidgetExtension.entitlements;
				CODE_SIGN_STYLE = Automatic;
				CURRENT_PROJECT_VERSION = 1;
				DEVELOPMENT_TEAM = HX76BH5U54;
				GENERATE_INFOPLIST_FILE = YES;
				INFOPLIST_FILE = HarborDotWidget/Info.plist;
				INFOPLIST_KEY_CFBundleDisplayName = HarborDotWidget;
				INFOPLIST_KEY_NSHumanReadableCopyright = "";
				LD_RUNPATH_SEARCH_PATHS = (
					"$(inherited)",
					"@executable_path/Frameworks",
					"@executable_path/../../Frameworks",
				);
				MARKETING_VERSION = 1.0;
				PRODUCT_BUNDLE_IDENTIFIER = com.sanders.HarborDot.HarborDotWidget;
				PRODUCT_NAME = "$(TARGET_NAME)";
				SKIP_INSTALL = YES;
				STRING_CATALOG_GENERATE_SYMBOLS = YES;
				SWIFT_APPROACHABLE_CONCURRENCY = YES;
				SWIFT_EMIT_LOC_STRINGS = YES;
				SWIFT_UPCOMING_FEATURE_MEMBER_IMPORT_VISIBILITY = YES;
				SWIFT_VERSION = 5.0;
				TARGETED_DEVICE_FAMILY = "1,2";
			};
			name = Debug;
		};
		E17783DA2E900B1C00E047F4 /* Release */ = {
			isa = XCBuildConfiguration;
			buildSettings = {
				ASSETCATALOG_COMPILER_GLOBAL_ACCENT_COLOR_NAME = AccentColor;
				ASSETCATALOG_COMPILER_WIDGET_BACKGROUND_COLOR_NAME = WidgetBackground;
				CODE_SIGN_ENTITLEMENTS = HarborDotWidgetExtension.entitlements;
				CODE_SIGN_STYLE = Automatic;
				CURRENT_PROJECT_VERSION = 1;
				DEVELOPMENT_TEAM = HX76BH5U54;
				GENERATE_INFOPLIST_FILE = YES;
				INFOPLIST_FILE = HarborDotWidget/Info.plist;
				INFOPLIST_KEY_CFBundleDisplayName = HarborDotWidget;
				INFOPLIST_KEY_NSHumanReadableCopyright = "";
				LD_RUNPATH_SEARCH_PATHS = (
					"$(inherited)",
					"@executable_path/Frameworks",
					"@executable_path/../../Frameworks",
				);
				MARKETING_VERSION = 1.0;
				PRODUCT_BUNDLE_IDENTIFIER = com.sanders.HarborDot.HarborDotWidget;
				PRODUCT_NAME = "$(TARGET_NAME)";
				SKIP_INSTALL = YES;
				STRING_CATALOG_GENERATE_SYMBOLS = YES;
				SWIFT_APPROACHABLE_CONCURRENCY = YES;
				SWIFT_EMIT_LOC_STRINGS = YES;
				SWIFT_UPCOMING_FEATURE_MEMBER_IMPORT_VISIBILITY = YES;
				SWIFT_VERSION = 5.0;
				TARGETED_DEVICE_FAMILY = "1,2";
			};
			name = Release;
		};
/* End XCBuildConfiguration section */

/* Begin XCConfigurationList section */
		E177835D2E8DB0FA00E047F4 /* Build configuration list for PBXProject "HarborDot" */ = {
			isa = XCConfigurationList;
			buildConfigurations = (
				E17783832E8DB0FE00E047F4 /* Debug */,
				E17783842E8DB0FE00E047F4 /* Release */,
			);
			defaultConfigurationIsVisible = 0;
			defaultConfigurationName = Release;
		};
		E17783852E8DB0FE00E047F4 /* Build configuration list for PBXNativeTarget "HarborDot" */ = {
			isa = XCConfigurationList;
			buildConfigurations = (
				E17783862E8DB0FE00E047F4 /* Debug */,
				E17783872E8DB0FE00E047F4 /* Release */,
			);
			defaultConfigurationIsVisible = 0;
			defaultConfigurationName = Release;
		};
		E17783882E8DB0FE00E047F4 /* Build configuration list for PBXNativeTarget "HarborDotTests" */ = {
			isa = XCConfigurationList;
			buildConfigurations = (
				E17783892E8DB0FE00E047F4 /* Debug */,
				E177838A2E8DB0FE00E047F4 /* Release */,
			);
			defaultConfigurationIsVisible = 0;
			defaultConfigurationName = Release;
		};
		E177838B2E8DB0FE00E047F4 /* Build configuration list for PBXNativeTarget "HarborDotUITests" */ = {
			isa = XCConfigurationList;
			buildConfigurations = (
				E177838C2E8DB0FE00E047F4 /* Debug */,
				E177838D2E8DB0FE00E047F4 /* Release */,
			);
			defaultConfigurationIsVisible = 0;
			defaultConfigurationName = Release;
		};
		E17783D82E900B1C00E047F4 /* Build configuration list for PBXNativeTarget "HarborDotWidgetExtension" */ = {
			isa = XCConfigurationList;
			buildConfigurations = (
				E17783D92E900B1C00E047F4 /* Debug */,
				E17783DA2E900B1C00E047F4 /* Release */,
			);
			defaultConfigurationIsVisible = 0;
			defaultConfigurationName = Release;
		};
/* End XCConfigurationList section */
	};
	rootObject = E177835A2E8DB0FA00E047F4 /* Project object */;
}
