// !$*UTF8*$!
{
	archiveVersion = 1;
	classes = {
	};
	objectVersion = 77;
	objects = {

/* Begin PBXBuildFile section */
		E17783C32E900B1800E047F4 /* WidgetKit.framework in Frameworks */ = {isa = PBXBuildFile; fileRef = E17783C22E900B1800E047F4 /* WidgetKit.framework */; };
		E17783C52E900B1900E047F4 /* SwiftUI.framework in Frameworks */ = {isa = PBXBuildFile; fileRef = E17783C42E900B1900E047F4 /* SwiftUI.framework */; };
		E17783D62E900B1C00E047F4 /* HarborDotWidgetExtension.appex in Embed Foundation Extensions */ = {isa = PBXBuildFile; fileRef = E17783C02E900B1800E047F4 /* HarborDotWidgetExtension.appex */; settings = {ATTRIBUTES = (RemoveHeadersOnCopy, ); }; };
		E197731A2E946D8F00293A38 /* HarborDot Watch App Watch App.app in Embed Watch Content */ = {isa = PBXBuildFile; fileRef = E19772FA2E946D8B00293A38 /* HarborDot Watch App Watch App.app */; settings = {ATTRIBUTES = (RemoveHeadersOnCopy, ); }; };
		E197732A2E946DD100293A38 /* WidgetKit.framework in Frameworks */ = {isa = PBXBuildFile; fileRef = E17783C22E900B1800E047F4 /* WidgetKit.framework */; };
		E197732B2E946DD100293A38 /* SwiftUI.framework in Frameworks */ = {isa = PBXBuildFile; fileRef = E17783C42E900B1900E047F4 /* SwiftUI.framework */; };
		E197733A2E946DD300293A38 /* HarborDot Watch WidgetExtension.appex in Embed Foundation Extensions */ = {isa = PBXBuildFile; fileRef = E19773292E946DD100293A38 /* HarborDot Watch WidgetExtension.appex */; settings = {ATTRIBUTES = (RemoveHeadersOnCopy, ); }; };
/* End PBXBuildFile section */

/* Begin PBXContainerItemProxy section */
		E14AE72C2E98AAEA0099EED7 /* PBXContainerItemProxy */ = {
			isa = PBXContainerItemProxy;
			containerPortal = E177835A2E8DB0FA00E047F4 /* Project object */;
			proxyType = 1;
			remoteGlobalIDString = E14AE71C2E98AAE70099EED7;
			remoteInfo = HarborDotMacOS;
		};
		E14AE7362E98AAEA0099EED7 /* PBXContainerItemProxy */ = {
			isa = PBXContainerItemProxy;
			containerPortal = E177835A2E8DB0FA00E047F4 /* Project object */;
			proxyType = 1;
			remoteGlobalIDString = E14AE71C2E98AAE70099EED7;
			remoteInfo = HarborDotMacOS;
		};
		E17783722E8DB0FE00E047F4 /* PBXContainerItemProxy */ = {
			isa = PBXContainerItemProxy;
			containerPortal = E177835A2E8DB0FA00E047F4 /* Project object */;
			proxyType = 1;
			remoteGlobalIDString = E17783612E8DB0FA00E047F4;
			remoteInfo = BulletJournal;
		};
		E177837C2E8DB0FE00E047F4 /* PBXContainerItemProxy */ = {
			isa = PBXContainerItemProxy;
			containerPortal = E177835A2E8DB0FA00E047F4 /* Project object */;
			proxyType = 1;
			remoteGlobalIDString = E17783612E8DB0FA00E047F4;
			remoteInfo = BulletJournal;
		};
		E17783D42E900B1C00E047F4 /* PBXContainerItemProxy */ = {
			isa = PBXContainerItemProxy;
			containerPortal = E177835A2E8DB0FA00E047F4 /* Project object */;
			proxyType = 1;
			remoteGlobalIDString = E17783BF2E900B1800E047F4;
			remoteInfo = HarborDotWidgetExtension;
		};
		E19773072E946D8E00293A38 /* PBXContainerItemProxy */ = {
			isa = PBXContainerItemProxy;
			containerPortal = E177835A2E8DB0FA00E047F4 /* Project object */;
			proxyType = 1;
			remoteGlobalIDString = E19772F92E946D8B00293A38;
			remoteInfo = "HarborDot Watch App Watch App";
		};
		E19773112E946D8E00293A38 /* PBXContainerItemProxy */ = {
			isa = PBXContainerItemProxy;
			containerPortal = E177835A2E8DB0FA00E047F4 /* Project object */;
			proxyType = 1;
			remoteGlobalIDString = E19772F92E946D8B00293A38;
			remoteInfo = "HarborDot Watch App Watch App";
		};
		E19773182E946D8F00293A38 /* PBXContainerItemProxy */ = {
			isa = PBXContainerItemProxy;
			containerPortal = E177835A2E8DB0FA00E047F4 /* Project object */;
			proxyType = 1;
			remoteGlobalIDString = E19772F92E946D8B00293A38;
			remoteInfo = "HarborDot Watch App Watch App";
		};
		E19773382E946DD300293A38 /* PBXContainerItemProxy */ = {
			isa = PBXContainerItemProxy;
			containerPortal = E177835A2E8DB0FA00E047F4 /* Project object */;
			proxyType = 1;
			remoteGlobalIDString = E19773282E946DD100293A38;
			remoteInfo = "HarborDot Watch WidgetExtension";
		};
/* End PBXContainerItemProxy section */

/* Begin PBXCopyFilesBuildPhase section */
		E17783DB2E900B1C00E047F4 /* Embed Foundation Extensions */ = {
			isa = PBXCopyFilesBuildPhase;
			buildActionMask = 2147483647;
			dstPath = "";
			dstSubfolderSpec = 13;
			files = (
				E17783D62E900B1C00E047F4 /* HarborDotWidgetExtension.appex in Embed Foundation Extensions */,
			);
			name = "Embed Foundation Extensions";
			runOnlyForDeploymentPostprocessing = 0;
		};
		E197731E2E946D8F00293A38 /* Embed Watch Content */ = {
			isa = PBXCopyFilesBuildPhase;
			buildActionMask = 2147483647;
			dstPath = "$(CONTENTS_FOLDER_PATH)/Watch";
			dstSubfolderSpec = 16;
			files = (
				E197731A2E946D8F00293A38 /* HarborDot Watch App Watch App.app in Embed Watch Content */,
			);
			name = "Embed Watch Content";
			runOnlyForDeploymentPostprocessing = 0;
		};
		E197733F2E946DD300293A38 /* Embed Foundation Extensions */ = {
			isa = PBXCopyFilesBuildPhase;
			buildActionMask = 2147483647;
			dstPath = "";
			dstSubfolderSpec = 13;
			files = (
				E197733A2E946DD300293A38 /* HarborDot Watch WidgetExtension.appex in Embed Foundation Extensions */,
			);
			name = "Embed Foundation Extensions";
			runOnlyForDeploymentPostprocessing = 0;
		};
/* End PBXCopyFilesBuildPhase section */

/* Begin PBXFileReference section */
		E14AE71D2E98AAE70099EED7 /* HarborDotMacOS.app */ = {isa = PBXFileReference; explicitFileType = wrapper.application; includeInIndex = 0; path = HarborDotMacOS.app; sourceTree = BUILT_PRODUCTS_DIR; };
		E14AE72B2E98AAEA0099EED7 /* HarborDotMacOSTests.xctest */ = {isa = PBXFileReference; explicitFileType = wrapper.cfbundle; includeInIndex = 0; path = HarborDotMacOSTests.xctest; sourceTree = BUILT_PRODUCTS_DIR; };
		E14AE7352E98AAEA0099EED7 /* HarborDotMacOSUITests.xctest */ = {isa = PBXFileReference; explicitFileType = wrapper.cfbundle; includeInIndex = 0; path = HarborDotMacOSUITests.xctest; sourceTree = BUILT_PRODUCTS_DIR; };
		E17783622E8DB0FA00E047F4 /* HarborDot.app */ = {isa = PBXFileReference; explicitFileType = wrapper.application; includeInIndex = 0; path = HarborDot.app; sourceTree = BUILT_PRODUCTS_DIR; };
		E17783712E8DB0FE00E047F4 /* HarborDotTests.xctest */ = {isa = PBXFileReference; explicitFileType = wrapper.cfbundle; includeInIndex = 0; path = HarborDotTests.xctest; sourceTree = BUILT_PRODUCTS_DIR; };
		E177837B2E8DB0FE00E047F4 /* HarborDotUITests.xctest */ = {isa = PBXFileReference; explicitFileType = wrapper.cfbundle; includeInIndex = 0; path = HarborDotUITests.xctest; sourceTree = BUILT_PRODUCTS_DIR; };
		E17783BB2E8F42C800E047F4 /* HarborDot-Info.plist */ = {isa = PBXFileReference; lastKnownFileType = text.plist; path = "HarborDot-Info.plist"; sourceTree = "<group>"; };
		E17783C02E900B1800E047F4 /* HarborDotWidgetExtension.appex */ = {isa = PBXFileReference; explicitFileType = "wrapper.app-extension"; includeInIndex = 0; path = HarborDotWidgetExtension.appex; sourceTree = BUILT_PRODUCTS_DIR; };
		E17783C22E900B1800E047F4 /* WidgetKit.framework */ = {isa = PBXFileReference; lastKnownFileType = wrapper.framework; name = WidgetKit.framework; path = System/Library/Frameworks/WidgetKit.framework; sourceTree = SDKROOT; };
		E17783C42E900B1900E047F4 /* SwiftUI.framework */ = {isa = PBXFileReference; lastKnownFileType = wrapper.framework; name = SwiftUI.framework; path = System/Library/Frameworks/SwiftUI.framework; sourceTree = SDKROOT; };
		E17783DC2E900BC300E047F4 /* HarborDotWidgetExtension.entitlements */ = {isa = PBXFileReference; lastKnownFileType = text.plist.entitlements; path = HarborDotWidgetExtension.entitlements; sourceTree = "<group>"; };
		E19772FA2E946D8B00293A38 /* HarborDot Watch App Watch App.app */ = {isa = PBXFileReference; explicitFileType = wrapper.application; includeInIndex = 0; path = "HarborDot Watch App Watch App.app"; sourceTree = BUILT_PRODUCTS_DIR; };
		E19773062E946D8E00293A38 /* HarborDot Watch App Watch AppTests.xctest */ = {isa = PBXFileReference; explicitFileType = wrapper.cfbundle; includeInIndex = 0; path = "HarborDot Watch App Watch AppTests.xctest"; sourceTree = BUILT_PRODUCTS_DIR; };
		E19773102E946D8E00293A38 /* HarborDot Watch App Watch AppUITests.xctest */ = {isa = PBXFileReference; explicitFileType = wrapper.cfbundle; includeInIndex = 0; path = "HarborDot Watch App Watch AppUITests.xctest"; sourceTree = BUILT_PRODUCTS_DIR; };
		E19773292E946DD100293A38 /* HarborDot Watch WidgetExtension.appex */ = {isa = PBXFileReference; explicitFileType = "wrapper.app-extension"; includeInIndex = 0; path = "HarborDot Watch WidgetExtension.appex"; sourceTree = BUILT_PRODUCTS_DIR; };
		E19773572E947F3800293A38 /* HarborDot Watch WidgetExtension.entitlements */ = {isa = PBXFileReference; lastKnownFileType = text.plist.entitlements; path = "HarborDot Watch WidgetExtension.entitlements"; sourceTree = "<group>"; };
/* End PBXFileReference section */

/* Begin PBXFileSystemSynchronizedBuildFileExceptionSet section */
		E14AE75C2E98AB600099EED7 /* Exceptions for "BulletJournal" folder in "HarborDotMacOS" target */ = {
			isa = PBXFileSystemSynchronizedBuildFileExceptionSet;
			membershipExceptions = (
				BulletJournalApp.swift,
				ContentView.swift,
				Helpers/AppTheme.swift,
				Helpers/ClearButton.swift,
				Helpers/ColorExtensions.swift,
				Helpers/DateExtensions.swift,
				Helpers/DeepLinkHandler.swift,
				Helpers/KeyboardShortcuts.swift,
				Helpers/SharedModelContainer.swift,
				Managers/NotificationManager.swift,
				Managers/ParsedTask.swift,
				Managers/RecurrenceManager.swift,
				Models/AppSettings.swift,
				Models/DayLog.swift,
				Models/GeneralNote.swift,
				Models/RecurrenceRule.swift,
				Models/Tag.swift,
				Models/TaskItem.swift,
				Views/AddEditTaskView.swift,
				Views/CalendarView.swift,
				Views/DayView.swift,
				"Views/Mac Files/GeneralNoteEditorView.swift",
				"Views/Mac Files/MacMainView.swift",
				"Views/Mac Files/NewNoteSheet.swift",
				"Views/Mac Files/NoteRowView.swift",
				"Views/Mac Files/NotesListView.swift",
				Views/NotesEditorView.swift,
				Views/SearchView.swift,
				Views/SettingsView.swift,
				Views/TagPicker.swift,
				Views/TagSettings.swift,
				Views/TaskRowView.swift,
			);
			target = E14AE71C2E98AAE70099EED7 /* HarborDotMacOS */;
		};
		E14AE7BB2E9DAA260099EED7 /* Exceptions for "BulletJournal" folder in "HarborDot" target */ = {
			isa = PBXFileSystemSynchronizedBuildFileExceptionSet;
			membershipExceptions = (
				"Views/Mac Files/GeneralNoteEditorView.swift",
				"Views/Mac Files/MacMainView.swift",
				"Views/Mac Files/NewNoteSheet.swift",
				"Views/Mac Files/NoteRowView.swift",
				"Views/Mac Files/NotesListView.swift",
			);
			target = E17783612E8DB0FA00E047F4 /* HarborDot */;
		};
		E14AE7C12E9DAA700099EED7 /* Exceptions for "HarborDot Watch App Watch App" folder in "HarborDot Watch WidgetExtension" target */ = {
			isa = PBXFileSystemSynchronizedBuildFileExceptionSet;
			membershipExceptions = (
				WatchMainView.swift,
				WatchTaskRow.swift,
			);
			target = E19773282E946DD100293A38 /* HarborDot Watch WidgetExtension */;
		};
		E17783D72E900B1C00E047F4 /* Exceptions for "HarborDotWidget" folder in "HarborDotWidgetExtension" target */ = {
			isa = PBXFileSystemSynchronizedBuildFileExceptionSet;
			membershipExceptions = (
				Info.plist,
			);
			target = E17783BF2E900B1800E047F4 /* HarborDotWidgetExtension */;
		};
		E17783E32E900E7C00E047F4 /* Exceptions for "BulletJournal" folder in "HarborDotWidgetExtension" target */ = {
			isa = PBXFileSystemSynchronizedBuildFileExceptionSet;
			membershipExceptions = (
				ContentView.swift,
				Helpers/AppTheme.swift,
				Helpers/ClearButton.swift,
				Helpers/ColorExtensions.swift,
				Helpers/DateExtensions.swift,
				Helpers/DeepLinkHandler.swift,
				Helpers/KeyboardShortcuts.swift,
				Helpers/SharedModelContainer.swift,
				Managers/HapticManager.swift,
				Managers/NotificationManager.swift,
				Managers/ParsedTask.swift,
				Managers/RecurrenceManager.swift,
				Managers/VoiceToTaskManager.swift,
				Models/AppSettings.swift,
				Models/DayLog.swift,
				Models/GeneralNote.swift,
				Models/RecurrenceRule.swift,
				Models/Tag.swift,
				Models/TaskItem.swift,
				Views/AddEditTaskView.swift,
				Views/CalendarView.swift,
				Views/DayView.swift,
				Views/iOSNewNoteSheet.swift,
				Views/iOSNoteEditorView.swift,
				Views/iOSNotesListView.swift,
				Views/iPad/iPadMainView.swift,
				Views/iPad/iPadNotesSplitView.swift,
				Views/MainTabView.swift,
				Views/NotesEditorView.swift,
				Views/SearchView.swift,
				Views/SettingsView.swift,
				Views/TagPicker.swift,
				Views/TagSettings.swift,
				Views/TaskRowView.swift,
				Views/VoiceRecordingView.swift,
			);
			target = E17783BF2E900B1800E047F4 /* HarborDotWidgetExtension */;
		};
		E197733B2E946DD300293A38 /* Exceptions for "HarborDot Watch Widget" folder in "HarborDot Watch WidgetExtension" target */ = {
			isa = PBXFileSystemSynchronizedBuildFileExceptionSet;
			membershipExceptions = (
				Info.plist,
			);
			target = E19773282E946DD100293A38 /* HarborDot Watch WidgetExtension */;
		};
		E19773482E946DF800293A38 /* Exceptions for "BulletJournal" folder in "HarborDot Watch App Watch App" target */ = {
			isa = PBXFileSystemSynchronizedBuildFileExceptionSet;
			membershipExceptions = (
				Helpers/AppTheme.swift,
				Helpers/ClearButton.swift,
				Helpers/ColorExtensions.swift,
				Helpers/DateExtensions.swift,
				Helpers/DeepLinkHandler.swift,
				Helpers/SharedModelContainer.swift,
				Managers/NotificationManager.swift,
				Managers/RecurrenceManager.swift,
				Models/AppSettings.swift,
				Models/DayLog.swift,
				Models/GeneralNote.swift,
				Models/RecurrenceRule.swift,
				Models/Tag.swift,
				Models/TaskItem.swift,
				Views/TagPicker.swift,
				Views/TagSettings.swift,
			);
			target = E19772F92E946D8B00293A38 /* HarborDot Watch App Watch App */;
		};
		E19773492E946DF800293A38 /* Exceptions for "BulletJournal" folder in "HarborDot Watch WidgetExtension" target */ = {
			isa = PBXFileSystemSynchronizedBuildFileExceptionSet;
			membershipExceptions = (
				Helpers/AppTheme.swift,
				Helpers/ClearButton.swift,
				Helpers/ColorExtensions.swift,
				Helpers/DateExtensions.swift,
				Helpers/DeepLinkHandler.swift,
				Helpers/SharedModelContainer.swift,
				Managers/NotificationManager.swift,
				Managers/RecurrenceManager.swift,
				Models/AppSettings.swift,
				Models/DayLog.swift,
				Models/GeneralNote.swift,
				Models/RecurrenceRule.swift,
				Models/Tag.swift,
				Models/TaskItem.swift,
				Views/TagPicker.swift,
				Views/TagSettings.swift,
			);
			target = E19773282E946DD100293A38 /* HarborDot Watch WidgetExtension */;
		};
/* End PBXFileSystemSynchronizedBuildFileExceptionSet section */

/* Begin PBXFileSystemSynchronizedRootGroup section */
		E14AE71E2E98AAE70099EED7 /* HarborDotMacOS */ = {
			isa = PBXFileSystemSynchronizedRootGroup;
			path = HarborDotMacOS;
			sourceTree = "<group>";
		};
		E14AE72E2E98AAEA0099EED7 /* HarborDotMacOSTests */ = {
			isa = PBXFileSystemSynchronizedRootGroup;
			path = HarborDotMacOSTests;
			sourceTree = "<group>";
		};
		E14AE7382E98AAEA0099EED7 /* HarborDotMacOSUITests */ = {
			isa = PBXFileSystemSynchronizedRootGroup;
			path = HarborDotMacOSUITests;
			sourceTree = "<group>";
		};
		E17783642E8DB0FA00E047F4 /* BulletJournal */ = {
			isa = PBXFileSystemSynchronizedRootGroup;
			exceptions = (
				E14AE7BB2E9DAA260099EED7 /* Exceptions for "BulletJournal" folder in "HarborDot" target */,
				E17783E32E900E7C00E047F4 /* Exceptions for "BulletJournal" folder in "HarborDotWidgetExtension" target */,
				E19773482E946DF800293A38 /* Exceptions for "BulletJournal" folder in "HarborDot Watch App Watch App" target */,
				E19773492E946DF800293A38 /* Exceptions for "BulletJournal" folder in "HarborDot Watch WidgetExtension" target */,
				E14AE75C2E98AB600099EED7 /* Exceptions for "BulletJournal" folder in "HarborDotMacOS" target */,
			);
			path = BulletJournal;
			sourceTree = "<group>";
		};
		E17783742E8DB0FE00E047F4 /* BulletJournalTests */ = {
			isa = PBXFileSystemSynchronizedRootGroup;
			path = BulletJournalTests;
			sourceTree = "<group>";
		};
		E177837E2E8DB0FE00E047F4 /* BulletJournalUITests */ = {
			isa = PBXFileSystemSynchronizedRootGroup;
			path = BulletJournalUITests;
			sourceTree = "<group>";
		};
		E17783C62E900B1900E047F4 /* HarborDotWidget */ = {
			isa = PBXFileSystemSynchronizedRootGroup;
			exceptions = (
				E17783D72E900B1C00E047F4 /* Exceptions for "HarborDotWidget" folder in "HarborDotWidgetExtension" target */,
			);
			path = HarborDotWidget;
			sourceTree = "<group>";
		};
		E19772FB2E946D8B00293A38 /* HarborDot Watch App Watch App */ = {
			isa = PBXFileSystemSynchronizedRootGroup;
			exceptions = (
				E14AE7C12E9DAA700099EED7 /* Exceptions for "HarborDot Watch App Watch App" folder in "HarborDot Watch WidgetExtension" target */,
			);
			path = "HarborDot Watch App Watch App";
			sourceTree = "<group>";
		};
		E19773092E946D8E00293A38 /* HarborDot Watch App Watch AppTests */ = {
			isa = PBXFileSystemSynchronizedRootGroup;
			path = "HarborDot Watch App Watch AppTests";
			sourceTree = "<group>";
		};
		E19773132E946D8E00293A38 /* HarborDot Watch App Watch AppUITests */ = {
			isa = PBXFileSystemSynchronizedRootGroup;
			path = "HarborDot Watch App Watch AppUITests";
			sourceTree = "<group>";
		};
		E197732C2E946DD100293A38 /* HarborDot Watch Widget */ = {
			isa = PBXFileSystemSynchronizedRootGroup;
			exceptions = (
				E197733B2E946DD300293A38 /* Exceptions for "HarborDot Watch Widget" folder in "HarborDot Watch WidgetExtension" target */,
			);
			path = "HarborDot Watch Widget";
			sourceTree = "<group>";
		};
/* End PBXFileSystemSynchronizedRootGroup section */

/* Begin PBXFrameworksBuildPhase section */
		E14AE71A2E98AAE70099EED7 /* Frameworks */ = {
			isa = PBXFrameworksBuildPhase;
			buildActionMask = 2147483647;
			files = (
			);
			runOnlyForDeploymentPostprocessing = 0;
		};
		E14AE7282E98AAEA0099EED7 /* Frameworks */ = {
			isa = PBXFrameworksBuildPhase;
			buildActionMask = 2147483647;
			files = (
			);
			runOnlyForDeploymentPostprocessing = 0;
		};
		E14AE7322E98AAEA0099EED7 /* Frameworks */ = {
			isa = PBXFrameworksBuildPhase;
			buildActionMask = 2147483647;
			files = (
			);
			runOnlyForDeploymentPostprocessing = 0;
		};
		E177835F2E8DB0FA00E047F4 /* Frameworks */ = {
			isa = PBXFrameworksBuildPhase;
			buildActionMask = 2147483647;
			files = (
			);
			runOnlyForDeploymentPostprocessing = 0;
		};
		E177836E2E8DB0FE00E047F4 /* Frameworks */ = {
			isa = PBXFrameworksBuildPhase;
			buildActionMask = 2147483647;
			files = (
			);
			runOnlyForDeploymentPostprocessing = 0;
		};
		E17783782E8DB0FE00E047F4 /* Frameworks */ = {
			isa = PBXFrameworksBuildPhase;
			buildActionMask = 2147483647;
			files = (
			);
			runOnlyForDeploymentPostprocessing = 0;
		};
		E17783BD2E900B1800E047F4 /* Frameworks */ = {
			isa = PBXFrameworksBuildPhase;
			buildActionMask = 2147483647;
			files = (
				E17783C52E900B1900E047F4 /* SwiftUI.framework in Frameworks */,
				E17783C32E900B1800E047F4 /* WidgetKit.framework in Frameworks */,
			);
			runOnlyForDeploymentPostprocessing = 0;
		};
		E19772F72E946D8B00293A38 /* Frameworks */ = {
			isa = PBXFrameworksBuildPhase;
			buildActionMask = 2147483647;
			files = (
			);
			runOnlyForDeploymentPostprocessing = 0;
		};
		E19773032E946D8E00293A38 /* Frameworks */ = {
			isa = PBXFrameworksBuildPhase;
			buildActionMask = 2147483647;
			files = (
			);
			runOnlyForDeploymentPostprocessing = 0;
		};
		E197730D2E946D8E00293A38 /* Frameworks */ = {
			isa = PBXFrameworksBuildPhase;
			buildActionMask = 2147483647;
			files = (
			);
			runOnlyForDeploymentPostprocessing = 0;
		};
		E19773262E946DD100293A38 /* Frameworks */ = {
			isa = PBXFrameworksBuildPhase;
			buildActionMask = 2147483647;
			files = (
				E197732B2E946DD100293A38 /* SwiftUI.framework in Frameworks */,
				E197732A2E946DD100293A38 /* WidgetKit.framework in Frameworks */,
			);
			runOnlyForDeploymentPostprocessing = 0;
		};
/* End PBXFrameworksBuildPhase section */

/* Begin PBXGroup section */
		E17783592E8DB0FA00E047F4 = {
			isa = PBXGroup;
			children = (
				E19773572E947F3800293A38 /* HarborDot Watch WidgetExtension.entitlements */,
				E17783DC2E900BC300E047F4 /* HarborDotWidgetExtension.entitlements */,
				E17783BB2E8F42C800E047F4 /* HarborDot-Info.plist */,
				E17783642E8DB0FA00E047F4 /* BulletJournal */,
				E17783742E8DB0FE00E047F4 /* BulletJournalTests */,
				E177837E2E8DB0FE00E047F4 /* BulletJournalUITests */,
				E17783C62E900B1900E047F4 /* HarborDotWidget */,
				E19772FB2E946D8B00293A38 /* HarborDot Watch App Watch App */,
				E19773092E946D8E00293A38 /* HarborDot Watch App Watch AppTests */,
				E19773132E946D8E00293A38 /* HarborDot Watch App Watch AppUITests */,
				E197732C2E946DD100293A38 /* HarborDot Watch Widget */,
				E14AE71E2E98AAE70099EED7 /* HarborDotMacOS */,
				E14AE72E2E98AAEA0099EED7 /* HarborDotMacOSTests */,
				E14AE7382E98AAEA0099EED7 /* HarborDotMacOSUITests */,
				E17783C12E900B1800E047F4 /* Frameworks */,
				E17783632E8DB0FA00E047F4 /* Products */,
			);
			sourceTree = "<group>";
		};
		E17783632E8DB0FA00E047F4 /* Products */ = {
			isa = PBXGroup;
			children = (
				E17783622E8DB0FA00E047F4 /* HarborDot.app */,
				E17783712E8DB0FE00E047F4 /* HarborDotTests.xctest */,
				E177837B2E8DB0FE00E047F4 /* HarborDotUITests.xctest */,
				E17783C02E900B1800E047F4 /* HarborDotWidgetExtension.appex */,
				E19772FA2E946D8B00293A38 /* HarborDot Watch App Watch App.app */,
				E19773062E946D8E00293A38 /* HarborDot Watch App Watch AppTests.xctest */,
				E19773102E946D8E00293A38 /* HarborDot Watch App Watch AppUITests.xctest */,
				E19773292E946DD100293A38 /* HarborDot Watch WidgetExtension.appex */,
				E14AE71D2E98AAE70099EED7 /* HarborDotMacOS.app */,
				E14AE72B2E98AAEA0099EED7 /* HarborDotMacOSTests.xctest */,
				E14AE7352E98AAEA0099EED7 /* HarborDotMacOSUITests.xctest */,
			);
			name = Products;
			sourceTree = "<group>";
		};
		E17783C12E900B1800E047F4 /* Frameworks */ = {
			isa = PBXGroup;
			children = (
				E17783C22E900B1800E047F4 /* WidgetKit.framework */,
				E17783C42E900B1900E047F4 /* SwiftUI.framework */,
			);
			name = Frameworks;
			sourceTree = "<group>";
		};
/* End PBXGroup section */

/* Begin PBXNativeTarget section */
		E14AE71C2E98AAE70099EED7 /* HarborDotMacOS */ = {
			isa = PBXNativeTarget;
			buildConfigurationList = E14AE73D2E98AAEA0099EED7 /* Build configuration list for PBXNativeTarget "HarborDotMacOS" */;
			buildPhases = (
				E14AE7192E98AAE70099EED7 /* Sources */,
				E14AE71A2E98AAE70099EED7 /* Frameworks */,
				E14AE71B2E98AAE70099EED7 /* Resources */,
			);
			buildRules = (
			);
			dependencies = (
			);
			fileSystemSynchronizedGroups = (
				E14AE71E2E98AAE70099EED7 /* HarborDotMacOS */,
			);
			name = HarborDotMacOS;
			packageProductDependencies = (
			);
			productName = HarborDotMacOS;
			productReference = E14AE71D2E98AAE70099EED7 /* HarborDotMacOS.app */;
			productType = "com.apple.product-type.application";
		};
		E14AE72A2E98AAEA0099EED7 /* HarborDotMacOSTests */ = {
			isa = PBXNativeTarget;
			buildConfigurationList = E14AE7402E98AAEA0099EED7 /* Build configuration list for PBXNativeTarget "HarborDotMacOSTests" */;
			buildPhases = (
				E14AE7272E98AAEA0099EED7 /* Sources */,
				E14AE7282E98AAEA0099EED7 /* Frameworks */,
				E14AE7292E98AAEA0099EED7 /* Resources */,
			);
			buildRules = (
			);
			dependencies = (
				E14AE72D2E98AAEA0099EED7 /* PBXTargetDependency */,
			);
			fileSystemSynchronizedGroups = (
				E14AE72E2E98AAEA0099EED7 /* HarborDotMacOSTests */,
			);
			name = HarborDotMacOSTests;
			packageProductDependencies = (
			);
			productName = HarborDotMacOSTests;
			productReference = E14AE72B2E98AAEA0099EED7 /* HarborDotMacOSTests.xctest */;
			productType = "com.apple.product-type.bundle.unit-test";
		};
		E14AE7342E98AAEA0099EED7 /* HarborDotMacOSUITests */ = {
			isa = PBXNativeTarget;
			buildConfigurationList = E14AE7432E98AAEA0099EED7 /* Build configuration list for PBXNativeTarget "HarborDotMacOSUITests" */;
			buildPhases = (
				E14AE7312E98AAEA0099EED7 /* Sources */,
				E14AE7322E98AAEA0099EED7 /* Frameworks */,
				E14AE7332E98AAEA0099EED7 /* Resources */,
			);
			buildRules = (
			);
			dependencies = (
				E14AE7372E98AAEA0099EED7 /* PBXTargetDependency */,
			);
			fileSystemSynchronizedGroups = (
				E14AE7382E98AAEA0099EED7 /* HarborDotMacOSUITests */,
			);
			name = HarborDotMacOSUITests;
			packageProductDependencies = (
			);
			productName = HarborDotMacOSUITests;
			productReference = E14AE7352E98AAEA0099EED7 /* HarborDotMacOSUITests.xctest */;
			productType = "com.apple.product-type.bundle.ui-testing";
		};
		E17783612E8DB0FA00E047F4 /* HarborDot */ = {
			isa = PBXNativeTarget;
			buildConfigurationList = E17783852E8DB0FE00E047F4 /* Build configuration list for PBXNativeTarget "HarborDot" */;
			buildPhases = (
				E177835E2E8DB0FA00E047F4 /* Sources */,
				E177835F2E8DB0FA00E047F4 /* Frameworks */,
				E17783602E8DB0FA00E047F4 /* Resources */,
				E17783DB2E900B1C00E047F4 /* Embed Foundation Extensions */,
				E197731E2E946D8F00293A38 /* Embed Watch Content */,
			);
			buildRules = (
			);
			dependencies = (
				E17783D52E900B1C00E047F4 /* PBXTargetDependency */,
				E19773192E946D8F00293A38 /* PBXTargetDependency */,
			);
			fileSystemSynchronizedGroups = (
				E17783642E8DB0FA00E047F4 /* BulletJournal */,
			);
			name = HarborDot;
			packageProductDependencies = (
			);
			productName = BulletJournal;
			productReference = E17783622E8DB0FA00E047F4 /* HarborDot.app */;
			productType = "com.apple.product-type.application";
		};
		E17783702E8DB0FE00E047F4 /* HarborDotTests */ = {
			isa = PBXNativeTarget;
			buildConfigurationList = E17783882E8DB0FE00E047F4 /* Build configuration list for PBXNativeTarget "HarborDotTests" */;
			buildPhases = (
				E177836D2E8DB0FE00E047F4 /* Sources */,
				E177836E2E8DB0FE00E047F4 /* Frameworks */,
				E177836F2E8DB0FE00E047F4 /* Resources */,
			);
			buildRules = (
			);
			dependencies = (
				E17783732E8DB0FE00E047F4 /* PBXTargetDependency */,
			);
			fileSystemSynchronizedGroups = (
				E17783742E8DB0FE00E047F4 /* BulletJournalTests */,
			);
			name = HarborDotTests;
			packageProductDependencies = (
			);
			productName = BulletJournalTests;
			productReference = E17783712E8DB0FE00E047F4 /* HarborDotTests.xctest */;
			productType = "com.apple.product-type.bundle.unit-test";
		};
		E177837A2E8DB0FE00E047F4 /* HarborDotUITests */ = {
			isa = PBXNativeTarget;
			buildConfigurationList = E177838B2E8DB0FE00E047F4 /* Build configuration list for PBXNativeTarget "HarborDotUITests" */;
			buildPhases = (
				E17783772E8DB0FE00E047F4 /* Sources */,
				E17783782E8DB0FE00E047F4 /* Frameworks */,
				E17783792E8DB0FE00E047F4 /* Resources */,
			);
			buildRules = (
			);
			dependencies = (
				E177837D2E8DB0FE00E047F4 /* PBXTargetDependency */,
			);
			fileSystemSynchronizedGroups = (
				E177837E2E8DB0FE00E047F4 /* BulletJournalUITests */,
			);
			name = HarborDotUITests;
			packageProductDependencies = (
			);
			productName = BulletJournalUITests;
			productReference = E177837B2E8DB0FE00E047F4 /* HarborDotUITests.xctest */;
			productType = "com.apple.product-type.bundle.ui-testing";
		};
		E17783BF2E900B1800E047F4 /* HarborDotWidgetExtension */ = {
			isa = PBXNativeTarget;
			buildConfigurationList = E17783D82E900B1C00E047F4 /* Build configuration list for PBXNativeTarget "HarborDotWidgetExtension" */;
			buildPhases = (
				E17783BC2E900B1800E047F4 /* Sources */,
				E17783BD2E900B1800E047F4 /* Frameworks */,
				E17783BE2E900B1800E047F4 /* Resources */,
			);
			buildRules = (
			);
			dependencies = (
			);
			fileSystemSynchronizedGroups = (
				E17783C62E900B1900E047F4 /* HarborDotWidget */,
			);
			name = HarborDotWidgetExtension;
			packageProductDependencies = (
			);
			productName = HarborDotWidgetExtension;
			productReference = E17783C02E900B1800E047F4 /* HarborDotWidgetExtension.appex */;
			productType = "com.apple.product-type.app-extension";
		};
		E19772F92E946D8B00293A38 /* HarborDot Watch App Watch App */ = {
			isa = PBXNativeTarget;
			buildConfigurationList = E197731B2E946D8F00293A38 /* Build configuration list for PBXNativeTarget "HarborDot Watch App Watch App" */;
			buildPhases = (
				E19772F62E946D8B00293A38 /* Sources */,
				E19772F72E946D8B00293A38 /* Frameworks */,
				E19772F82E946D8B00293A38 /* Resources */,
				E197733F2E946DD300293A38 /* Embed Foundation Extensions */,
			);
			buildRules = (
			);
			dependencies = (
				E19773392E946DD300293A38 /* PBXTargetDependency */,
			);
			fileSystemSynchronizedGroups = (
				E19772FB2E946D8B00293A38 /* HarborDot Watch App Watch App */,
			);
			name = "HarborDot Watch App Watch App";
			packageProductDependencies = (
			);
			productName = "HarborDot Watch App Watch App";
			productReference = E19772FA2E946D8B00293A38 /* HarborDot Watch App Watch App.app */;
			productType = "com.apple.product-type.application";
		};
		E19773052E946D8E00293A38 /* HarborDot Watch App Watch AppTests */ = {
			isa = PBXNativeTarget;
			buildConfigurationList = E197731F2E946D8F00293A38 /* Build configuration list for PBXNativeTarget "HarborDot Watch App Watch AppTests" */;
			buildPhases = (
				E19773022E946D8E00293A38 /* Sources */,
				E19773032E946D8E00293A38 /* Frameworks */,
				E19773042E946D8E00293A38 /* Resources */,
			);
			buildRules = (
			);
			dependencies = (
				E19773082E946D8E00293A38 /* PBXTargetDependency */,
			);
			fileSystemSynchronizedGroups = (
				E19773092E946D8E00293A38 /* HarborDot Watch App Watch AppTests */,
			);
			name = "HarborDot Watch App Watch AppTests";
			packageProductDependencies = (
			);
			productName = "HarborDot Watch App Watch AppTests";
			productReference = E19773062E946D8E00293A38 /* HarborDot Watch App Watch AppTests.xctest */;
			productType = "com.apple.product-type.bundle.unit-test";
		};
		E197730F2E946D8E00293A38 /* HarborDot Watch App Watch AppUITests */ = {
			isa = PBXNativeTarget;
			buildConfigurationList = E19773222E946D8F00293A38 /* Build configuration list for PBXNativeTarget "HarborDot Watch App Watch AppUITests" */;
			buildPhases = (
				E197730C2E946D8E00293A38 /* Sources */,
				E197730D2E946D8E00293A38 /* Frameworks */,
				E197730E2E946D8E00293A38 /* Resources */,
			);
			buildRules = (
			);
			dependencies = (
				E19773122E946D8E00293A38 /* PBXTargetDependency */,
			);
			fileSystemSynchronizedGroups = (
				E19773132E946D8E00293A38 /* HarborDot Watch App Watch AppUITests */,
			);
			name = "HarborDot Watch App Watch AppUITests";
			packageProductDependencies = (
			);
			productName = "HarborDot Watch App Watch AppUITests";
			productReference = E19773102E946D8E00293A38 /* HarborDot Watch App Watch AppUITests.xctest */;
			productType = "com.apple.product-type.bundle.ui-testing";
		};
		E19773282E946DD100293A38 /* HarborDot Watch WidgetExtension */ = {
			isa = PBXNativeTarget;
			buildConfigurationList = E197733C2E946DD300293A38 /* Build configuration list for PBXNativeTarget "HarborDot Watch WidgetExtension" */;
			buildPhases = (
				E19773252E946DD100293A38 /* Sources */,
				E19773262E946DD100293A38 /* Frameworks */,
				E19773272E946DD100293A38 /* Resources */,
			);
			buildRules = (
			);
			dependencies = (
			);
			fileSystemSynchronizedGroups = (
				E197732C2E946DD100293A38 /* HarborDot Watch Widget */,
			);
			name = "HarborDot Watch WidgetExtension";
			packageProductDependencies = (
			);
			productName = "HarborDot Watch WidgetExtension";
			productReference = E19773292E946DD100293A38 /* HarborDot Watch WidgetExtension.appex */;
			productType = "com.apple.product-type.app-extension";
		};
/* End PBXNativeTarget section */

/* Begin PBXProject section */
		E177835A2E8DB0FA00E047F4 /* Project object */ = {
			isa = PBXProject;
			attributes = {
				BuildIndependentTargetsInParallel = 1;
				LastSwiftUpdateCheck = 2600;
				LastUpgradeCheck = 2600;
				TargetAttributes = {
					E14AE71C2E98AAE70099EED7 = {
						CreatedOnToolsVersion = 26.0.1;
					};
					E14AE72A2E98AAEA0099EED7 = {
						CreatedOnToolsVersion = 26.0.1;
						TestTargetID = E14AE71C2E98AAE70099EED7;
					};
					E14AE7342E98AAEA0099EED7 = {
						CreatedOnToolsVersion = 26.0.1;
						TestTargetID = E14AE71C2E98AAE70099EED7;
					};
					E17783612E8DB0FA00E047F4 = {
						CreatedOnToolsVersion = 26.0.1;
					};
					E17783702E8DB0FE00E047F4 = {
						CreatedOnToolsVersion = 26.0.1;
						TestTargetID = E17783612E8DB0FA00E047F4;
					};
					E177837A2E8DB0FE00E047F4 = {
						CreatedOnToolsVersion = 26.0.1;
						TestTargetID = E17783612E8DB0FA00E047F4;
					};
					E17783BF2E900B1800E047F4 = {
						CreatedOnToolsVersion = 26.0.1;
					};
					E19772F92E946D8B00293A38 = {
						CreatedOnToolsVersion = 26.0.1;
					};
					E19773052E946D8E00293A38 = {
						CreatedOnToolsVersion = 26.0.1;
						TestTargetID = E19772F92E946D8B00293A38;
					};
					E197730F2E946D8E00293A38 = {
						CreatedOnToolsVersion = 26.0.1;
						TestTargetID = E19772F92E946D8B00293A38;
					};
					E19773282E946DD100293A38 = {
						CreatedOnToolsVersion = 26.0.1;
					};
				};
			};
			buildConfigurationList = E177835D2E8DB0FA00E047F4 /* Build configuration list for PBXProject "HarborDot" */;
			developmentRegion = en;
			hasScannedForEncodings = 0;
			knownRegions = (
				en,
				Base,
			);
			mainGroup = E17783592E8DB0FA00E047F4;
			minimizedProjectReferenceProxies = 1;
			preferredProjectObjectVersion = 77;
			productRefGroup = E17783632E8DB0FA00E047F4 /* Products */;
			projectDirPath = "";
			projectRoot = "";
			targets = (
				E17783612E8DB0FA00E047F4 /* HarborDot */,
				E17783702E8DB0FE00E047F4 /* HarborDotTests */,
				E177837A2E8DB0FE00E047F4 /* HarborDotUITests */,
				E17783BF2E900B1800E047F4 /* HarborDotWidgetExtension */,
				E19772F92E946D8B00293A38 /* HarborDot Watch App Watch App */,
				E19773052E946D8E00293A38 /* HarborDot Watch App Watch AppTests */,
				E197730F2E946D8E00293A38 /* HarborDot Watch App Watch AppUITests */,
				E19773282E946DD100293A38 /* HarborDot Watch WidgetExtension */,
				E14AE71C2E98AAE70099EED7 /* HarborDotMacOS */,
				E14AE72A2E98AAEA0099EED7 /* HarborDotMacOSTests */,
				E14AE7342E98AAEA0099EED7 /* HarborDotMacOSUITests */,
			);
		};
/* End PBXProject section */

/* Begin PBXResourcesBuildPhase section */
		E14AE71B2E98AAE70099EED7 /* Resources */ = {
			isa = PBXResourcesBuildPhase;
			buildActionMask = 2147483647;
			files = (
			);
			runOnlyForDeploymentPostprocessing = 0;
		};
		E14AE7292E98AAEA0099EED7 /* Resources */ = {
			isa = PBXResourcesBuildPhase;
			buildActionMask = 2147483647;
			files = (
			);
			runOnlyForDeploymentPostprocessing = 0;
		};
		E14AE7332E98AAEA0099EED7 /* Resources */ = {
			isa = PBXResourcesBuildPhase;
			buildActionMask = 2147483647;
			files = (
			);
			runOnlyForDeploymentPostprocessing = 0;
		};
		E17783602E8DB0FA00E047F4 /* Resources */ = {
			isa = PBXResourcesBuildPhase;
			buildActionMask = 2147483647;
			files = (
			);
			runOnlyForDeploymentPostprocessing = 0;
		};
		E177836F2E8DB0FE00E047F4 /* Resources */ = {
			isa = PBXResourcesBuildPhase;
			buildActionMask = 2147483647;
			files = (
			);
			runOnlyForDeploymentPostprocessing = 0;
		};
		E17783792E8DB0FE00E047F4 /* Resources */ = {
			isa = PBXResourcesBuildPhase;
			buildActionMask = 2147483647;
			files = (
			);
			runOnlyForDeploymentPostprocessing = 0;
		};
		E17783BE2E900B1800E047F4 /* Resources */ = {
			isa = PBXResourcesBuildPhase;
			buildActionMask = 2147483647;
			files = (
			);
			runOnlyForDeploymentPostprocessing = 0;
		};
		E19772F82E946D8B00293A38 /* Resources */ = {
			isa = PBXResourcesBuildPhase;
			buildActionMask = 2147483647;
			files = (
			);
			runOnlyForDeploymentPostprocessing = 0;
		};
		E19773042E946D8E00293A38 /* Resources */ = {
			isa = PBXResourcesBuildPhase;
			buildActionMask = 2147483647;
			files = (
			);
			runOnlyForDeploymentPostprocessing = 0;
		};
		E197730E2E946D8E00293A38 /* Resources */ = {
			isa = PBXResourcesBuildPhase;
			buildActionMask = 2147483647;
			files = (
			);
			runOnlyForDeploymentPostprocessing = 0;
		};
		E19773272E946DD100293A38 /* Resources */ = {
			isa = PBXResourcesBuildPhase;
			buildActionMask = 2147483647;
			files = (
			);
			runOnlyForDeploymentPostprocessing = 0;
		};
/* End PBXResourcesBuildPhase section */

/* Begin PBXSourcesBuildPhase section */
		E14AE7192E98AAE70099EED7 /* Sources */ = {
			isa = PBXSourcesBuildPhase;
			buildActionMask = 2147483647;
			files = (
			);
			runOnlyForDeploymentPostprocessing = 0;
		};
		E14AE7272E98AAEA0099EED7 /* Sources */ = {
			isa = PBXSourcesBuildPhase;
			buildActionMask = 2147483647;
			files = (
			);
			runOnlyForDeploymentPostprocessing = 0;
		};
		E14AE7312E98AAEA0099EED7 /* Sources */ = {
			isa = PBXSourcesBuildPhase;
			buildActionMask = 2147483647;
			files = (
			);
			runOnlyForDeploymentPostprocessing = 0;
		};
		E177835E2E8DB0FA00E047F4 /* Sources */ = {
			isa = PBXSourcesBuildPhase;
			buildActionMask = 2147483647;
			files = (
			);
			runOnlyForDeploymentPostprocessing = 0;
		};
		E177836D2E8DB0FE00E047F4 /* Sources */ = {
			isa = PBXSourcesBuildPhase;
			buildActionMask = 2147483647;
			files = (
			);
			runOnlyForDeploymentPostprocessing = 0;
		};
		E17783772E8DB0FE00E047F4 /* Sources */ = {
			isa = PBXSourcesBuildPhase;
			buildActionMask = 2147483647;
			files = (
			);
			runOnlyForDeploymentPostprocessing = 0;
		};
		E17783BC2E900B1800E047F4 /* Sources */ = {
			isa = PBXSourcesBuildPhase;
			buildActionMask = 2147483647;
			files = (
			);
			runOnlyForDeploymentPostprocessing = 0;
		};
		E19772F62E946D8B00293A38 /* Sources */ = {
			isa = PBXSourcesBuildPhase;
			buildActionMask = 2147483647;
			files = (
			);
			runOnlyForDeploymentPostprocessing = 0;
		};
		E19773022E946D8E00293A38 /* Sources */ = {
			isa = PBXSourcesBuildPhase;
			buildActionMask = 2147483647;
			files = (
			);
			runOnlyForDeploymentPostprocessing = 0;
		};
		E197730C2E946D8E00293A38 /* Sources */ = {
			isa = PBXSourcesBuildPhase;
			buildActionMask = 2147483647;
			files = (
			);
			runOnlyForDeploymentPostprocessing = 0;
		};
		E19773252E946DD100293A38 /* Sources */ = {
			isa = PBXSourcesBuildPhase;
			buildActionMask = 2147483647;
			files = (
			);
			runOnlyForDeploymentPostprocessing = 0;
		};
/* End PBXSourcesBuildPhase section */

/* Begin PBXTargetDependency section */
		E14AE72D2E98AAEA0099EED7 /* PBXTargetDependency */ = {
			isa = PBXTargetDependency;
			target = E14AE71C2E98AAE70099EED7 /* HarborDotMacOS */;
			targetProxy = E14AE72C2E98AAEA0099EED7 /* PBXContainerItemProxy */;
		};
		E14AE7372E98AAEA0099EED7 /* PBXTargetDependency */ = {
			isa = PBXTargetDependency;
			target = E14AE71C2E98AAE70099EED7 /* HarborDotMacOS */;
			targetProxy = E14AE7362E98AAEA0099EED7 /* PBXContainerItemProxy */;
		};
		E17783732E8DB0FE00E047F4 /* PBXTargetDependency */ = {
			isa = PBXTargetDependency;
			target = E17783612E8DB0FA00E047F4 /* HarborDot */;
			targetProxy = E17783722E8DB0FE00E047F4 /* PBXContainerItemProxy */;
		};
		E177837D2E8DB0FE00E047F4 /* PBXTargetDependency */ = {
			isa = PBXTargetDependency;
			target = E17783612E8DB0FA00E047F4 /* HarborDot */;
			targetProxy = E177837C2E8DB0FE00E047F4 /* PBXContainerItemProxy */;
		};
		E17783D52E900B1C00E047F4 /* PBXTargetDependency */ = {
			isa = PBXTargetDependency;
			target = E17783BF2E900B1800E047F4 /* HarborDotWidgetExtension */;
			targetProxy = E17783D42E900B1C00E047F4 /* PBXContainerItemProxy */;
		};
		E19773082E946D8E00293A38 /* PBXTargetDependency */ = {
			isa = PBXTargetDependency;
			target = E19772F92E946D8B00293A38 /* HarborDot Watch App Watch App */;
			targetProxy = E19773072E946D8E00293A38 /* PBXContainerItemProxy */;
		};
		E19773122E946D8E00293A38 /* PBXTargetDependency */ = {
			isa = PBXTargetDependency;
			target = E19772F92E946D8B00293A38 /* HarborDot Watch App Watch App */;
			targetProxy = E19773112E946D8E00293A38 /* PBXContainerItemProxy */;
		};
		E19773192E946D8F00293A38 /* PBXTargetDependency */ = {
			isa = PBXTargetDependency;
			target = E19772F92E946D8B00293A38 /* HarborDot Watch App Watch App */;
			targetProxy = E19773182E946D8F00293A38 /* PBXContainerItemProxy */;
		};
		E19773392E946DD300293A38 /* PBXTargetDependency */ = {
			isa = PBXTargetDependency;
			target = E19773282E946DD100293A38 /* HarborDot Watch WidgetExtension */;
			targetProxy = E19773382E946DD300293A38 /* PBXContainerItemProxy */;
		};
/* End PBXTargetDependency section */

/* Begin XCBuildConfiguration section */
		E14AE73E2E98AAEA0099EED7 /* Debug */ = {
			isa = XCBuildConfiguration;
			buildSettings = {
				ASSETCATALOG_COMPILER_APPICON_NAME = AppIcon;
				ASSETCATALOG_COMPILER_GLOBAL_ACCENT_COLOR_NAME = AccentColor;
				CODE_SIGN_ENTITLEMENTS = HarborDotMacOS/HarborDotMacOS.entitlements;
				CODE_SIGN_STYLE = Automatic;
				COMBINE_HIDPI_IMAGES = YES;
				CURRENT_PROJECT_VERSION = 1;
				DEVELOPMENT_TEAM = HX76BH5U54;
				ENABLE_APP_SANDBOX = YES;
				ENABLE_HARDENED_RUNTIME = YES;
				ENABLE_PREVIEWS = YES;
				ENABLE_USER_SELECTED_FILES = readonly;
				GENERATE_INFOPLIST_FILE = YES;
				INFOPLIST_KEY_NSHumanReadableCopyright = "";
				LD_RUNPATH_SEARCH_PATHS = (
					"$(inherited)",
					"@executable_path/../Frameworks",
				);
				MACOSX_DEPLOYMENT_TARGET = 26.0;
				MARKETING_VERSION = 1.0;
				PRODUCT_BUNDLE_IDENTIFIER = com.sanders.HarborDotMacOS;
				PRODUCT_NAME = "$(TARGET_NAME)";
				REGISTER_APP_GROUPS = YES;
				SDKROOT = macosx;
				STRING_CATALOG_GENERATE_SYMBOLS = YES;
				SWIFT_APPROACHABLE_CONCURRENCY = YES;
				SWIFT_DEFAULT_ACTOR_ISOLATION = MainActor;
				SWIFT_EMIT_LOC_STRINGS = YES;
				SWIFT_UPCOMING_FEATURE_MEMBER_IMPORT_VISIBILITY = YES;
				SWIFT_VERSION = 5.0;
			};
			name = Debug;
		};
		E14AE73F2E98AAEA0099EED7 /* Release */ = {
			isa = XCBuildConfiguration;
			buildSettings = {
				ASSETCATALOG_COMPILER_APPICON_NAME = AppIcon;
				ASSETCATALOG_COMPILER_GLOBAL_ACCENT_COLOR_NAME = AccentColor;
				CODE_SIGN_ENTITLEMENTS = HarborDotMacOS/HarborDotMacOS.entitlements;
				CODE_SIGN_STYLE = Automatic;
				COMBINE_HIDPI_IMAGES = YES;
				CURRENT_PROJECT_VERSION = 1;
				DEVELOPMENT_TEAM = HX76BH5U54;
				ENABLE_APP_SANDBOX = YES;
				ENABLE_HARDENED_RUNTIME = YES;
				ENABLE_PREVIEWS = YES;
				ENABLE_USER_SELECTED_FILES = readonly;
				GENERATE_INFOPLIST_FILE = YES;
				INFOPLIST_KEY_NSHumanReadableCopyright = "";
				LD_RUNPATH_SEARCH_PATHS = (
					"$(inherited)",
					"@executable_path/../Frameworks",
				);
				MACOSX_DEPLOYMENT_TARGET = 26.0;
				MARKETING_VERSION = 1.0;
				PRODUCT_BUNDLE_IDENTIFIER = com.sanders.HarborDotMacOS;
				PRODUCT_NAME = "$(TARGET_NAME)";
				REGISTER_APP_GROUPS = YES;
				SDKROOT = macosx;
				STRING_CATALOG_GENERATE_SYMBOLS = YES;
				SWIFT_APPROACHABLE_CONCURRENCY = YES;
				SWIFT_DEFAULT_ACTOR_ISOLATION = MainActor;
				SWIFT_EMIT_LOC_STRINGS = YES;
				SWIFT_UPCOMING_FEATURE_MEMBER_IMPORT_VISIBILITY = YES;
				SWIFT_VERSION = 5.0;
			};
			name = Release;
		};
		E14AE7412E98AAEA0099EED7 /* Debug */ = {
			isa = XCBuildConfiguration;
			buildSettings = {
				BUNDLE_LOADER = "$(TEST_HOST)";
				CODE_SIGN_STYLE = Automatic;
				CURRENT_PROJECT_VERSION = 1;
				DEVELOPMENT_TEAM = HX76BH5U54;
				GENERATE_INFOPLIST_FILE = YES;
				MACOSX_DEPLOYMENT_TARGET = 26.0;
				MARKETING_VERSION = 1.0;
				PRODUCT_BUNDLE_IDENTIFIER = com.sanders.HarborDotMacOSTests;
				PRODUCT_NAME = "$(TARGET_NAME)";
				SDKROOT = macosx;
				STRING_CATALOG_GENERATE_SYMBOLS = NO;
				SWIFT_APPROACHABLE_CONCURRENCY = YES;
				SWIFT_EMIT_LOC_STRINGS = NO;
				SWIFT_UPCOMING_FEATURE_MEMBER_IMPORT_VISIBILITY = YES;
				SWIFT_VERSION = 5.0;
				TEST_HOST = "$(BUILT_PRODUCTS_DIR)/HarborDotMacOS.app/$(BUNDLE_EXECUTABLE_FOLDER_PATH)/HarborDotMacOS";
			};
			name = Debug;
		};
		E14AE7422E98AAEA0099EED7 /* Release */ = {
			isa = XCBuildConfiguration;
			buildSettings = {
				BUNDLE_LOADER = "$(TEST_HOST)";
				CODE_SIGN_STYLE = Automatic;
				CURRENT_PROJECT_VERSION = 1;
				DEVELOPMENT_TEAM = HX76BH5U54;
				GENERATE_INFOPLIST_FILE = YES;
				MACOSX_DEPLOYMENT_TARGET = 26.0;
				MARKETING_VERSION = 1.0;
				PRODUCT_BUNDLE_IDENTIFIER = com.sanders.HarborDotMacOSTests;
				PRODUCT_NAME = "$(TARGET_NAME)";
				SDKROOT = macosx;
				STRING_CATALOG_GENERATE_SYMBOLS = NO;
				SWIFT_APPROACHABLE_CONCURRENCY = YES;
				SWIFT_EMIT_LOC_STRINGS = NO;
				SWIFT_UPCOMING_FEATURE_MEMBER_IMPORT_VISIBILITY = YES;
				SWIFT_VERSION = 5.0;
				TEST_HOST = "$(BUILT_PRODUCTS_DIR)/HarborDotMacOS.app/$(BUNDLE_EXECUTABLE_FOLDER_PATH)/HarborDotMacOS";
			};
			name = Release;
		};
		E14AE7442E98AAEA0099EED7 /* Debug */ = {
			isa = XCBuildConfiguration;
			buildSettings = {
				CODE_SIGN_STYLE = Automatic;
				CURRENT_PROJECT_VERSION = 1;
				DEVELOPMENT_TEAM = HX76BH5U54;
				GENERATE_INFOPLIST_FILE = YES;
				MACOSX_DEPLOYMENT_TARGET = 26.0;
				MARKETING_VERSION = 1.0;
				PRODUCT_BUNDLE_IDENTIFIER = com.sanders.HarborDotMacOSUITests;
				PRODUCT_NAME = "$(TARGET_NAME)";
				SDKROOT = macosx;
				STRING_CATALOG_GENERATE_SYMBOLS = NO;
				SWIFT_APPROACHABLE_CONCURRENCY = YES;
				SWIFT_EMIT_LOC_STRINGS = NO;
				SWIFT_UPCOMING_FEATURE_MEMBER_IMPORT_VISIBILITY = YES;
				SWIFT_VERSION = 5.0;
				TEST_TARGET_NAME = HarborDotMacOS;
			};
			name = Debug;
		};
		E14AE7452E98AAEA0099EED7 /* Release */ = {
			isa = XCBuildConfiguration;
			buildSettings = {
				CODE_SIGN_STYLE = Automatic;
				CURRENT_PROJECT_VERSION = 1;
				DEVELOPMENT_TEAM = HX76BH5U54;
				GENERATE_INFOPLIST_FILE = YES;
				MACOSX_DEPLOYMENT_TARGET = 26.0;
				MARKETING_VERSION = 1.0;
				PRODUCT_BUNDLE_IDENTIFIER = com.sanders.HarborDotMacOSUITests;
				PRODUCT_NAME = "$(TARGET_NAME)";
				SDKROOT = macosx;
				STRING_CATALOG_GENERATE_SYMBOLS = NO;
				SWIFT_APPROACHABLE_CONCURRENCY = YES;
				SWIFT_EMIT_LOC_STRINGS = NO;
				SWIFT_UPCOMING_FEATURE_MEMBER_IMPORT_VISIBILITY = YES;
				SWIFT_VERSION = 5.0;
				TEST_TARGET_NAME = HarborDotMacOS;
			};
			name = Release;
		};
		E17783832E8DB0FE00E047F4 /* Debug */ = {
			isa = XCBuildConfiguration;
			buildSettings = {
				ALWAYS_SEARCH_USER_PATHS = NO;
				ASSETCATALOG_COMPILER_GENERATE_SWIFT_ASSET_SYMBOL_EXTENSIONS = YES;
				CLANG_ANALYZER_NONNULL = YES;
				CLANG_ANALYZER_NUMBER_OBJECT_CONVERSION = YES_AGGRESSIVE;
				CLANG_CXX_LANGUAGE_STANDARD = "gnu++20";
				CLANG_ENABLE_MODULES = YES;
				CLANG_ENABLE_OBJC_ARC = YES;
				CLANG_ENABLE_OBJC_WEAK = YES;
				CLANG_WARN_BLOCK_CAPTURE_AUTORELEASING = YES;
				CLANG_WARN_BOOL_CONVERSION = YES;
				CLANG_WARN_COMMA = YES;
				CLANG_WARN_CONSTANT_CONVERSION = YES;
				CLANG_WARN_DEPRECATED_OBJC_IMPLEMENTATIONS = YES;
				CLANG_WARN_DIRECT_OBJC_ISA_USAGE = YES_ERROR;
				CLANG_WARN_DOCUMENTATION_COMMENTS = YES;
				CLANG_WARN_EMPTY_BODY = YES;
				CLANG_WARN_ENUM_CONVERSION = YES;
				CLANG_WARN_INFINITE_RECURSION = YES;
				CLANG_WARN_INT_CONVERSION = YES;
				CLANG_WARN_NON_LITERAL_NULL_CONVERSION = YES;
				CLANG_WARN_OBJC_IMPLICIT_RETAIN_SELF = YES;
				CLANG_WARN_OBJC_LITERAL_CONVERSION = YES;
				CLANG_WARN_OBJC_ROOT_CLASS = YES_ERROR;
				CLANG_WARN_QUOTED_INCLUDE_IN_FRAMEWORK_HEADER = YES;
				CLANG_WARN_RANGE_LOOP_ANALYSIS = YES;
				CLANG_WARN_STRICT_PROTOTYPES = YES;
				CLANG_WARN_SUSPICIOUS_MOVE = YES;
				CLANG_WARN_UNGUARDED_AVAILABILITY = YES_AGGRESSIVE;
				CLANG_WARN_UNREACHABLE_CODE = YES;
				CLANG_WARN__DUPLICATE_METHOD_MATCH = YES;
				COPY_PHASE_STRIP = NO;
				DEBUG_INFORMATION_FORMAT = dwarf;
				DEVELOPMENT_TEAM = HX76BH5U54;
				ENABLE_STRICT_OBJC_MSGSEND = YES;
				ENABLE_TESTABILITY = YES;
				ENABLE_USER_SCRIPT_SANDBOXING = YES;
				GCC_C_LANGUAGE_STANDARD = gnu17;
				GCC_DYNAMIC_NO_PIC = NO;
				GCC_NO_COMMON_BLOCKS = YES;
				GCC_OPTIMIZATION_LEVEL = 0;
				GCC_PREPROCESSOR_DEFINITIONS = (
					"DEBUG=1",
					"$(inherited)",
				);
				GCC_WARN_64_TO_32_BIT_CONVERSION = YES;
				GCC_WARN_ABOUT_RETURN_TYPE = YES_ERROR;
				GCC_WARN_UNDECLARED_SELECTOR = YES;
				GCC_WARN_UNINITIALIZED_AUTOS = YES_AGGRESSIVE;
				GCC_WARN_UNUSED_FUNCTION = YES;
				GCC_WARN_UNUSED_VARIABLE = YES;
				IPHONEOS_DEPLOYMENT_TARGET = 26.0;
				LOCALIZATION_PREFERS_STRING_CATALOGS = YES;
				MTL_ENABLE_DEBUG_INFO = INCLUDE_SOURCE;
				MTL_FAST_MATH = YES;
				ONLY_ACTIVE_ARCH = YES;
				SDKROOT = iphoneos;
				SWIFT_ACTIVE_COMPILATION_CONDITIONS = "DEBUG $(inherited)";
				SWIFT_OPTIMIZATION_LEVEL = "-Onone";
			};
			name = Debug;
		};
		E17783842E8DB0FE00E047F4 /* Release */ = {
			isa = XCBuildConfiguration;
			buildSettings = {
				ALWAYS_SEARCH_USER_PATHS = NO;
				ASSETCATALOG_COMPILER_GENERATE_SWIFT_ASSET_SYMBOL_EXTENSIONS = YES;
				CLANG_ANALYZER_NONNULL = YES;
				CLANG_ANALYZER_NUMBER_OBJECT_CONVERSION = YES_AGGRESSIVE;
				CLANG_CXX_LANGUAGE_STANDARD = "gnu++20";
				CLANG_ENABLE_MODULES = YES;
				CLANG_ENABLE_OBJC_ARC = YES;
				CLANG_ENABLE_OBJC_WEAK = YES;
				CLANG_WARN_BLOCK_CAPTURE_AUTORELEASING = YES;
				CLANG_WARN_BOOL_CONVERSION = YES;
				CLANG_WARN_COMMA = YES;
				CLANG_WARN_CONSTANT_CONVERSION = YES;
				CLANG_WARN_DEPRECATED_OBJC_IMPLEMENTATIONS = YES;
				CLANG_WARN_DIRECT_OBJC_ISA_USAGE = YES_ERROR;
				CLANG_WARN_DOCUMENTATION_COMMENTS = YES;
				CLANG_WARN_EMPTY_BODY = YES;
				CLANG_WARN_ENUM_CONVERSION = YES;
				CLANG_WARN_INFINITE_RECURSION = YES;
				CLANG_WARN_INT_CONVERSION = YES;
				CLANG_WARN_NON_LITERAL_NULL_CONVERSION = YES;
				CLANG_WARN_OBJC_IMPLICIT_RETAIN_SELF = YES;
				CLANG_WARN_OBJC_LITERAL_CONVERSION = YES;
				CLANG_WARN_OBJC_ROOT_CLASS = YES_ERROR;
				CLANG_WARN_QUOTED_INCLUDE_IN_FRAMEWORK_HEADER = YES;
				CLANG_WARN_RANGE_LOOP_ANALYSIS = YES;
				CLANG_WARN_STRICT_PROTOTYPES = YES;
				CLANG_WARN_SUSPICIOUS_MOVE = YES;
				CLANG_WARN_UNGUARDED_AVAILABILITY = YES_AGGRESSIVE;
				CLANG_WARN_UNREACHABLE_CODE = YES;
				CLANG_WARN__DUPLICATE_METHOD_MATCH = YES;
				COPY_PHASE_STRIP = NO;
				DEBUG_INFORMATION_FORMAT = "dwarf-with-dsym";
				DEVELOPMENT_TEAM = HX76BH5U54;
				ENABLE_NS_ASSERTIONS = NO;
				ENABLE_STRICT_OBJC_MSGSEND = YES;
				ENABLE_USER_SCRIPT_SANDBOXING = YES;
				GCC_C_LANGUAGE_STANDARD = gnu17;
				GCC_NO_COMMON_BLOCKS = YES;
				GCC_WARN_64_TO_32_BIT_CONVERSION = YES;
				GCC_WARN_ABOUT_RETURN_TYPE = YES_ERROR;
				GCC_WARN_UNDECLARED_SELECTOR = YES;
				GCC_WARN_UNINITIALIZED_AUTOS = YES_AGGRESSIVE;
				GCC_WARN_UNUSED_FUNCTION = YES;
				GCC_WARN_UNUSED_VARIABLE = YES;
				IPHONEOS_DEPLOYMENT_TARGET = 26.0;
				LOCALIZATION_PREFERS_STRING_CATALOGS = YES;
				MTL_ENABLE_DEBUG_INFO = NO;
				MTL_FAST_MATH = YES;
				SDKROOT = iphoneos;
				SWIFT_COMPILATION_MODE = wholemodule;
				VALIDATE_PRODUCT = YES;
			};
			name = Release;
		};
		E17783862E8DB0FE00E047F4 /* Debug */ = {
			isa = XCBuildConfiguration;
			buildSettings = {
				ASSETCATALOG_COMPILER_APPICON_NAME = AppIcon;
				ASSETCATALOG_COMPILER_GLOBAL_ACCENT_COLOR_NAME = AccentColor;
				CODE_SIGN_ENTITLEMENTS = BulletJournal/BulletJournal.entitlements;
				CODE_SIGN_STYLE = Automatic;
				CURRENT_PROJECT_VERSION = 1;
				DEVELOPMENT_TEAM = HX76BH5U54;
				ENABLE_PREVIEWS = YES;
				GENERATE_INFOPLIST_FILE = YES;
				INFOPLIST_FILE = "HarborDot-Info.plist";
				INFOPLIST_KEY_UIApplicationSceneManifest_Generation = YES;
				INFOPLIST_KEY_UIApplicationSupportsIndirectInputEvents = YES;
				INFOPLIST_KEY_UILaunchScreen_Generation = YES;
				INFOPLIST_KEY_UISupportedInterfaceOrientations_iPad = "UIInterfaceOrientationPortrait UIInterfaceOrientationPortraitUpsideDown UIInterfaceOrientationLandscapeLeft UIInterfaceOrientationLandscapeRight";
				INFOPLIST_KEY_UISupportedInterfaceOrientations_iPhone = "UIInterfaceOrientationPortrait UIInterfaceOrientationLandscapeLeft UIInterfaceOrientationLandscapeRight";
				LD_RUNPATH_SEARCH_PATHS = (
					"$(inherited)",
					"@executable_path/Frameworks",
				);
				MARKETING_VERSION = 1.0;
				PRODUCT_BUNDLE_IDENTIFIER = com.sanders.HarborDot;
				PRODUCT_NAME = "$(TARGET_NAME)";
				STRING_CATALOG_GENERATE_SYMBOLS = YES;
				SWIFT_APPROACHABLE_CONCURRENCY = YES;
				SWIFT_DEFAULT_ACTOR_ISOLATION = MainActor;
				SWIFT_EMIT_LOC_STRINGS = YES;
				SWIFT_UPCOMING_FEATURE_MEMBER_IMPORT_VISIBILITY = YES;
				SWIFT_VERSION = 5.0;
				TARGETED_DEVICE_FAMILY = "1,2";
			};
			name = Debug;
		};
		E17783872E8DB0FE00E047F4 /* Release */ = {
			isa = XCBuildConfiguration;
			buildSettings = {
				ASSETCATALOG_COMPILER_APPICON_NAME = AppIcon;
				ASSETCATALOG_COMPILER_GLOBAL_ACCENT_COLOR_NAME = AccentColor;
				CODE_SIGN_ENTITLEMENTS = BulletJournal/BulletJournal.entitlements;
				CODE_SIGN_STYLE = Automatic;
				CURRENT_PROJECT_VERSION = 1;
				DEVELOPMENT_TEAM = HX76BH5U54;
				ENABLE_PREVIEWS = YES;
				GENERATE_INFOPLIST_FILE = YES;
				INFOPLIST_FILE = "HarborDot-Info.plist";
				INFOPLIST_KEY_UIApplicationSceneManifest_Generation = YES;
				INFOPLIST_KEY_UIApplicationSupportsIndirectInputEvents = YES;
				INFOPLIST_KEY_UILaunchScreen_Generation = YES;
				INFOPLIST_KEY_UISupportedInterfaceOrientations_iPad = "UIInterfaceOrientationPortrait UIInterfaceOrientationPortraitUpsideDown UIInterfaceOrientationLandscapeLeft UIInterfaceOrientationLandscapeRight";
				INFOPLIST_KEY_UISupportedInterfaceOrientations_iPhone = "UIInterfaceOrientationPortrait UIInterfaceOrientationLandscapeLeft UIInterfaceOrientationLandscapeRight";
				LD_RUNPATH_SEARCH_PATHS = (
					"$(inherited)",
					"@executable_path/Frameworks",
				);
				MARKETING_VERSION = 1.0;
				PRODUCT_BUNDLE_IDENTIFIER = com.sanders.HarborDot;
				PRODUCT_NAME = "$(TARGET_NAME)";
				STRING_CATALOG_GENERATE_SYMBOLS = YES;
				SWIFT_APPROACHABLE_CONCURRENCY = YES;
				SWIFT_DEFAULT_ACTOR_ISOLATION = MainActor;
				SWIFT_EMIT_LOC_STRINGS = YES;
				SWIFT_UPCOMING_FEATURE_MEMBER_IMPORT_VISIBILITY = YES;
				SWIFT_VERSION = 5.0;
				TARGETED_DEVICE_FAMILY = "1,2";
			};
			name = Release;
		};
		E17783892E8DB0FE00E047F4 /* Debug */ = {
			isa = XCBuildConfiguration;
			buildSettings = {
				BUNDLE_LOADER = "$(TEST_HOST)";
				CODE_SIGN_STYLE = Automatic;
				CURRENT_PROJECT_VERSION = 1;
				DEVELOPMENT_TEAM = HX76BH5U54;
				GENERATE_INFOPLIST_FILE = YES;
				IPHONEOS_DEPLOYMENT_TARGET = 26.0;
				MARKETING_VERSION = 1.0;
				PRODUCT_BUNDLE_IDENTIFIER = com.sanders.BulletJournalTests;
				PRODUCT_NAME = "$(TARGET_NAME)";
				STRING_CATALOG_GENERATE_SYMBOLS = NO;
				SWIFT_APPROACHABLE_CONCURRENCY = YES;
				SWIFT_EMIT_LOC_STRINGS = NO;
				SWIFT_UPCOMING_FEATURE_MEMBER_IMPORT_VISIBILITY = YES;
				SWIFT_VERSION = 5.0;
				TARGETED_DEVICE_FAMILY = "1,2";
				TEST_HOST = "$(BUILT_PRODUCTS_DIR)/HarborDot.app/$(BUNDLE_EXECUTABLE_FOLDER_PATH)/HarborDot";
			};
			name = Debug;
		};
		E177838A2E8DB0FE00E047F4 /* Release */ = {
			isa = XCBuildConfiguration;
			buildSettings = {
				BUNDLE_LOADER = "$(TEST_HOST)";
				CODE_SIGN_STYLE = Automatic;
				CURRENT_PROJECT_VERSION = 1;
				DEVELOPMENT_TEAM = HX76BH5U54;
				GENERATE_INFOPLIST_FILE = YES;
				IPHONEOS_DEPLOYMENT_TARGET = 26.0;
				MARKETING_VERSION = 1.0;
				PRODUCT_BUNDLE_IDENTIFIER = com.sanders.BulletJournalTests;
				PRODUCT_NAME = "$(TARGET_NAME)";
				STRING_CATALOG_GENERATE_SYMBOLS = NO;
				SWIFT_APPROACHABLE_CONCURRENCY = YES;
				SWIFT_EMIT_LOC_STRINGS = NO;
				SWIFT_UPCOMING_FEATURE_MEMBER_IMPORT_VISIBILITY = YES;
				SWIFT_VERSION = 5.0;
				TARGETED_DEVICE_FAMILY = "1,2";
				TEST_HOST = "$(BUILT_PRODUCTS_DIR)/HarborDot.app/$(BUNDLE_EXECUTABLE_FOLDER_PATH)/HarborDot";
			};
			name = Release;
		};
		E177838C2E8DB0FE00E047F4 /* Debug */ = {
			isa = XCBuildConfiguration;
			buildSettings = {
				CODE_SIGN_STYLE = Automatic;
				CURRENT_PROJECT_VERSION = 1;
				DEVELOPMENT_TEAM = HX76BH5U54;
				GENERATE_INFOPLIST_FILE = YES;
				MARKETING_VERSION = 1.0;
				PRODUCT_BUNDLE_IDENTIFIER = com.sanders.BulletJournalUITests;
				PRODUCT_NAME = "$(TARGET_NAME)";
				STRING_CATALOG_GENERATE_SYMBOLS = NO;
				SWIFT_APPROACHABLE_CONCURRENCY = YES;
				SWIFT_EMIT_LOC_STRINGS = NO;
				SWIFT_UPCOMING_FEATURE_MEMBER_IMPORT_VISIBILITY = YES;
				SWIFT_VERSION = 5.0;
				TARGETED_DEVICE_FAMILY = "1,2";
				TEST_TARGET_NAME = BulletJournal;
			};
			name = Debug;
		};
		E177838D2E8DB0FE00E047F4 /* Release */ = {
			isa = XCBuildConfiguration;
			buildSettings = {
				CODE_SIGN_STYLE = Automatic;
				CURRENT_PROJECT_VERSION = 1;
				DEVELOPMENT_TEAM = HX76BH5U54;
				GENERATE_INFOPLIST_FILE = YES;
				MARKETING_VERSION = 1.0;
				PRODUCT_BUNDLE_IDENTIFIER = com.sanders.BulletJournalUITests;
				PRODUCT_NAME = "$(TARGET_NAME)";
				STRING_CATALOG_GENERATE_SYMBOLS = NO;
				SWIFT_APPROACHABLE_CONCURRENCY = YES;
				SWIFT_EMIT_LOC_STRINGS = NO;
				SWIFT_UPCOMING_FEATURE_MEMBER_IMPORT_VISIBILITY = YES;
				SWIFT_VERSION = 5.0;
				TARGETED_DEVICE_FAMILY = "1,2";
				TEST_TARGET_NAME = BulletJournal;
			};
			name = Release;
		};
		E17783D92E900B1C00E047F4 /* Debug */ = {
			isa = XCBuildConfiguration;
			buildSettings = {
				ASSETCATALOG_COMPILER_GLOBAL_ACCENT_COLOR_NAME = AccentColor;
				ASSETCATALOG_COMPILER_WIDGET_BACKGROUND_COLOR_NAME = WidgetBackground;
				CODE_SIGN_ENTITLEMENTS = HarborDotWidgetExtension.entitlements;
				CODE_SIGN_STYLE = Automatic;
				CURRENT_PROJECT_VERSION = 1;
				DEVELOPMENT_TEAM = HX76BH5U54;
				GENERATE_INFOPLIST_FILE = YES;
				INFOPLIST_FILE = HarborDotWidget/Info.plist;
				INFOPLIST_KEY_CFBundleDisplayName = HarborDotWidget;
				INFOPLIST_KEY_NSHumanReadableCopyright = "";
				LD_RUNPATH_SEARCH_PATHS = (
					"$(inherited)",
					"@executable_path/Frameworks",
					"@executable_path/../../Frameworks",
				);
				MARKETING_VERSION = 1.0;
				PRODUCT_BUNDLE_IDENTIFIER = com.sanders.HarborDot.HarborDotWidget;
				PRODUCT_NAME = "$(TARGET_NAME)";
				SKIP_INSTALL = YES;
				STRING_CATALOG_GENERATE_SYMBOLS = YES;
				SWIFT_APPROACHABLE_CONCURRENCY = YES;
				SWIFT_EMIT_LOC_STRINGS = YES;
				SWIFT_UPCOMING_FEATURE_MEMBER_IMPORT_VISIBILITY = YES;
				SWIFT_VERSION = 5.0;
				TARGETED_DEVICE_FAMILY = "1,2";
			};
			name = Debug;
		};
		E17783DA2E900B1C00E047F4 /* Release */ = {
			isa = XCBuildConfiguration;
			buildSettings = {
				ASSETCATALOG_COMPILER_GLOBAL_ACCENT_COLOR_NAME = AccentColor;
				ASSETCATALOG_COMPILER_WIDGET_BACKGROUND_COLOR_NAME = WidgetBackground;
				CODE_SIGN_ENTITLEMENTS = HarborDotWidgetExtension.entitlements;
				CODE_SIGN_STYLE = Automatic;
				CURRENT_PROJECT_VERSION = 1;
				DEVELOPMENT_TEAM = HX76BH5U54;
				GENERATE_INFOPLIST_FILE = YES;
				INFOPLIST_FILE = HarborDotWidget/Info.plist;
				INFOPLIST_KEY_CFBundleDisplayName = HarborDotWidget;
				INFOPLIST_KEY_NSHumanReadableCopyright = "";
				LD_RUNPATH_SEARCH_PATHS = (
					"$(inherited)",
					"@executable_path/Frameworks",
					"@executable_path/../../Frameworks",
				);
				MARKETING_VERSION = 1.0;
				PRODUCT_BUNDLE_IDENTIFIER = com.sanders.HarborDot.HarborDotWidget;
				PRODUCT_NAME = "$(TARGET_NAME)";
				SKIP_INSTALL = YES;
				STRING_CATALOG_GENERATE_SYMBOLS = YES;
				SWIFT_APPROACHABLE_CONCURRENCY = YES;
				SWIFT_EMIT_LOC_STRINGS = YES;
				SWIFT_UPCOMING_FEATURE_MEMBER_IMPORT_VISIBILITY = YES;
				SWIFT_VERSION = 5.0;
				TARGETED_DEVICE_FAMILY = "1,2";
			};
			name = Release;
		};
		E197731C2E946D8F00293A38 /* Debug */ = {
			isa = XCBuildConfiguration;
			buildSettings = {
				ASSETCATALOG_COMPILER_APPICON_NAME = AppIcon;
				ASSETCATALOG_COMPILER_GLOBAL_ACCENT_COLOR_NAME = AccentColor;
				CODE_SIGN_ENTITLEMENTS = "HarborDot Watch App Watch App/HarborDot Watch App Watch App.entitlements";
				CODE_SIGN_STYLE = Automatic;
				CURRENT_PROJECT_VERSION = 1;
				DEVELOPMENT_TEAM = HX76BH5U54;
				ENABLE_PREVIEWS = YES;
				GENERATE_INFOPLIST_FILE = YES;
				INFOPLIST_KEY_CFBundleDisplayName = "HarborDot Watch App";
				INFOPLIST_KEY_UISupportedInterfaceOrientations = "UIInterfaceOrientationPortrait UIInterfaceOrientationPortraitUpsideDown";
				INFOPLIST_KEY_WKCompanionAppBundleIdentifier = com.sanders.HarborDot;
				LD_RUNPATH_SEARCH_PATHS = (
					"$(inherited)",
					"@executable_path/Frameworks",
				);
				MARKETING_VERSION = 1.0;
				PRODUCT_BUNDLE_IDENTIFIER = com.sanders.HarborDot.watchkitapp;
				PRODUCT_NAME = "$(TARGET_NAME)";
				SDKROOT = watchos;
				SKIP_INSTALL = YES;
				STRING_CATALOG_GENERATE_SYMBOLS = YES;
				SWIFT_APPROACHABLE_CONCURRENCY = YES;
				SWIFT_DEFAULT_ACTOR_ISOLATION = MainActor;
				SWIFT_EMIT_LOC_STRINGS = YES;
				SWIFT_UPCOMING_FEATURE_MEMBER_IMPORT_VISIBILITY = YES;
				SWIFT_VERSION = 5.0;
				TARGETED_DEVICE_FAMILY = 4;
				WATCHOS_DEPLOYMENT_TARGET = 26.0;
			};
			name = Debug;
		};
		E197731D2E946D8F00293A38 /* Release */ = {
			isa = XCBuildConfiguration;
			buildSettings = {
				ASSETCATALOG_COMPILER_APPICON_NAME = AppIcon;
				ASSETCATALOG_COMPILER_GLOBAL_ACCENT_COLOR_NAME = AccentColor;
				CODE_SIGN_ENTITLEMENTS = "HarborDot Watch App Watch App/HarborDot Watch App Watch App.entitlements";
				CODE_SIGN_STYLE = Automatic;
				CURRENT_PROJECT_VERSION = 1;
				DEVELOPMENT_TEAM = HX76BH5U54;
				ENABLE_PREVIEWS = YES;
				GENERATE_INFOPLIST_FILE = YES;
				INFOPLIST_KEY_CFBundleDisplayName = "HarborDot Watch App";
				INFOPLIST_KEY_UISupportedInterfaceOrientations = "UIInterfaceOrientationPortrait UIInterfaceOrientationPortraitUpsideDown";
				INFOPLIST_KEY_WKCompanionAppBundleIdentifier = com.sanders.HarborDot;
				LD_RUNPATH_SEARCH_PATHS = (
					"$(inherited)",
					"@executable_path/Frameworks",
				);
				MARKETING_VERSION = 1.0;
				PRODUCT_BUNDLE_IDENTIFIER = com.sanders.HarborDot.watchkitapp;
				PRODUCT_NAME = "$(TARGET_NAME)";
				SDKROOT = watchos;
				SKIP_INSTALL = YES;
				STRING_CATALOG_GENERATE_SYMBOLS = YES;
				SWIFT_APPROACHABLE_CONCURRENCY = YES;
				SWIFT_DEFAULT_ACTOR_ISOLATION = MainActor;
				SWIFT_EMIT_LOC_STRINGS = YES;
				SWIFT_UPCOMING_FEATURE_MEMBER_IMPORT_VISIBILITY = YES;
				SWIFT_VERSION = 5.0;
				TARGETED_DEVICE_FAMILY = 4;
				WATCHOS_DEPLOYMENT_TARGET = 26.0;
			};
			name = Release;
		};
		E19773202E946D8F00293A38 /* Debug */ = {
			isa = XCBuildConfiguration;
			buildSettings = {
				BUNDLE_LOADER = "$(TEST_HOST)";
				CODE_SIGN_STYLE = Automatic;
				CURRENT_PROJECT_VERSION = 1;
				DEVELOPMENT_TEAM = HX76BH5U54;
				GENERATE_INFOPLIST_FILE = YES;
				MARKETING_VERSION = 1.0;
				PRODUCT_BUNDLE_IDENTIFIER = "com.sanders.HarborDot-Watch-App-Watch-AppTests";
				PRODUCT_NAME = "$(TARGET_NAME)";
				SDKROOT = watchos;
				STRING_CATALOG_GENERATE_SYMBOLS = NO;
				SWIFT_APPROACHABLE_CONCURRENCY = YES;
				SWIFT_EMIT_LOC_STRINGS = NO;
				SWIFT_UPCOMING_FEATURE_MEMBER_IMPORT_VISIBILITY = YES;
				SWIFT_VERSION = 5.0;
				TARGETED_DEVICE_FAMILY = 4;
				TEST_HOST = "$(BUILT_PRODUCTS_DIR)/HarborDot Watch App Watch App.app/$(BUNDLE_EXECUTABLE_FOLDER_PATH)/HarborDot Watch App Watch App";
				WATCHOS_DEPLOYMENT_TARGET = 26.0;
			};
			name = Debug;
		};
		E19773212E946D8F00293A38 /* Release */ = {
			isa = XCBuildConfiguration;
			buildSettings = {
				BUNDLE_LOADER = "$(TEST_HOST)";
				CODE_SIGN_STYLE = Automatic;
				CURRENT_PROJECT_VERSION = 1;
				DEVELOPMENT_TEAM = HX76BH5U54;
				GENERATE_INFOPLIST_FILE = YES;
				MARKETING_VERSION = 1.0;
				PRODUCT_BUNDLE_IDENTIFIER = "com.sanders.HarborDot-Watch-App-Watch-AppTests";
				PRODUCT_NAME = "$(TARGET_NAME)";
				SDKROOT = watchos;
				STRING_CATALOG_GENERATE_SYMBOLS = NO;
				SWIFT_APPROACHABLE_CONCURRENCY = YES;
				SWIFT_EMIT_LOC_STRINGS = NO;
				SWIFT_UPCOMING_FEATURE_MEMBER_IMPORT_VISIBILITY = YES;
				SWIFT_VERSION = 5.0;
				TARGETED_DEVICE_FAMILY = 4;
				TEST_HOST = "$(BUILT_PRODUCTS_DIR)/HarborDot Watch App Watch App.app/$(BUNDLE_EXECUTABLE_FOLDER_PATH)/HarborDot Watch App Watch App";
				WATCHOS_DEPLOYMENT_TARGET = 26.0;
			};
			name = Release;
		};
		E19773232E946D8F00293A38 /* Debug */ = {
			isa = XCBuildConfiguration;
			buildSettings = {
				CODE_SIGN_STYLE = Automatic;
				CURRENT_PROJECT_VERSION = 1;
				DEVELOPMENT_TEAM = HX76BH5U54;
				GENERATE_INFOPLIST_FILE = YES;
				MARKETING_VERSION = 1.0;
				PRODUCT_BUNDLE_IDENTIFIER = "com.sanders.HarborDot-Watch-App-Watch-AppUITests";
				PRODUCT_NAME = "$(TARGET_NAME)";
				SDKROOT = watchos;
				STRING_CATALOG_GENERATE_SYMBOLS = NO;
				SWIFT_APPROACHABLE_CONCURRENCY = YES;
				SWIFT_EMIT_LOC_STRINGS = NO;
				SWIFT_UPCOMING_FEATURE_MEMBER_IMPORT_VISIBILITY = YES;
				SWIFT_VERSION = 5.0;
				TARGETED_DEVICE_FAMILY = 4;
				TEST_TARGET_NAME = "HarborDot Watch App Watch App";
				WATCHOS_DEPLOYMENT_TARGET = 26.0;
			};
			name = Debug;
		};
		E19773242E946D8F00293A38 /* Release */ = {
			isa = XCBuildConfiguration;
			buildSettings = {
				CODE_SIGN_STYLE = Automatic;
				CURRENT_PROJECT_VERSION = 1;
				DEVELOPMENT_TEAM = HX76BH5U54;
				GENERATE_INFOPLIST_FILE = YES;
				MARKETING_VERSION = 1.0;
				PRODUCT_BUNDLE_IDENTIFIER = "com.sanders.HarborDot-Watch-App-Watch-AppUITests";
				PRODUCT_NAME = "$(TARGET_NAME)";
				SDKROOT = watchos;
				STRING_CATALOG_GENERATE_SYMBOLS = NO;
				SWIFT_APPROACHABLE_CONCURRENCY = YES;
				SWIFT_EMIT_LOC_STRINGS = NO;
				SWIFT_UPCOMING_FEATURE_MEMBER_IMPORT_VISIBILITY = YES;
				SWIFT_VERSION = 5.0;
				TARGETED_DEVICE_FAMILY = 4;
				TEST_TARGET_NAME = "HarborDot Watch App Watch App";
				WATCHOS_DEPLOYMENT_TARGET = 26.0;
			};
			name = Release;
		};
		E197733D2E946DD300293A38 /* Debug */ = {
			isa = XCBuildConfiguration;
			buildSettings = {
				ASSETCATALOG_COMPILER_GLOBAL_ACCENT_COLOR_NAME = AccentColor;
				ASSETCATALOG_COMPILER_WIDGET_BACKGROUND_COLOR_NAME = WidgetBackground;
				CODE_SIGN_ENTITLEMENTS = "HarborDot Watch WidgetExtension.entitlements";
				CODE_SIGN_STYLE = Automatic;
				CURRENT_PROJECT_VERSION = 1;
				DEVELOPMENT_TEAM = HX76BH5U54;
				GENERATE_INFOPLIST_FILE = YES;
				INFOPLIST_FILE = "HarborDot Watch Widget/Info.plist";
				INFOPLIST_KEY_CFBundleDisplayName = "HarborDot Watch Widget";
				INFOPLIST_KEY_NSHumanReadableCopyright = "";
				LD_RUNPATH_SEARCH_PATHS = (
					"$(inherited)",
					"@executable_path/Frameworks",
					"@executable_path/../../Frameworks",
					"@executable_path/../../../../Frameworks",
				);
				MARKETING_VERSION = 1.0;
				PRODUCT_BUNDLE_IDENTIFIER = "com.sanders.HarborDot.watchkitapp.HarborDot-Watch-Widget";
				PRODUCT_NAME = "$(TARGET_NAME)";
				SDKROOT = watchos;
				SKIP_INSTALL = YES;
				STRING_CATALOG_GENERATE_SYMBOLS = YES;
				SWIFT_APPROACHABLE_CONCURRENCY = YES;
				SWIFT_EMIT_LOC_STRINGS = YES;
				SWIFT_UPCOMING_FEATURE_MEMBER_IMPORT_VISIBILITY = YES;
				SWIFT_VERSION = 5.0;
				TARGETED_DEVICE_FAMILY = 4;
				WATCHOS_DEPLOYMENT_TARGET = 26.0;
			};
			name = Debug;
		};
		E197733E2E946DD300293A38 /* Release */ = {
			isa = XCBuildConfiguration;
			buildSettings = {
				ASSETCATALOG_COMPILER_GLOBAL_ACCENT_COLOR_NAME = AccentColor;
				ASSETCATALOG_COMPILER_WIDGET_BACKGROUND_COLOR_NAME = WidgetBackground;
				CODE_SIGN_ENTITLEMENTS = "HarborDot Watch WidgetExtension.entitlements";
				CODE_SIGN_STYLE = Automatic;
				CURRENT_PROJECT_VERSION = 1;
				DEVELOPMENT_TEAM = HX76BH5U54;
				GENERATE_INFOPLIST_FILE = YES;
				INFOPLIST_FILE = "HarborDot Watch Widget/Info.plist";
				INFOPLIST_KEY_CFBundleDisplayName = "HarborDot Watch Widget";
				INFOPLIST_KEY_NSHumanReadableCopyright = "";
				LD_RUNPATH_SEARCH_PATHS = (
					"$(inherited)",
					"@executable_path/Frameworks",
					"@executable_path/../../Frameworks",
					"@executable_path/../../../../Frameworks",
				);
				MARKETING_VERSION = 1.0;
				PRODUCT_BUNDLE_IDENTIFIER = "com.sanders.HarborDot.watchkitapp.HarborDot-Watch-Widget";
				PRODUCT_NAME = "$(TARGET_NAME)";
				SDKROOT = watchos;
				SKIP_INSTALL = YES;
				STRING_CATALOG_GENERATE_SYMBOLS = YES;
				SWIFT_APPROACHABLE_CONCURRENCY = YES;
				SWIFT_EMIT_LOC_STRINGS = YES;
				SWIFT_UPCOMING_FEATURE_MEMBER_IMPORT_VISIBILITY = YES;
				SWIFT_VERSION = 5.0;
				TARGETED_DEVICE_FAMILY = 4;
				WATCHOS_DEPLOYMENT_TARGET = 26.0;
			};
			name = Release;
		};
/* End XCBuildConfiguration section */

/* Begin XCConfigurationList section */
		E14AE73D2E98AAEA0099EED7 /* Build configuration list for PBXNativeTarget "HarborDotMacOS" */ = {
			isa = XCConfigurationList;
			buildConfigurations = (
				E14AE73E2E98AAEA0099EED7 /* Debug */,
				E14AE73F2E98AAEA0099EED7 /* Release */,
			);
			defaultConfigurationIsVisible = 0;
			defaultConfigurationName = Release;
		};
		E14AE7402E98AAEA0099EED7 /* Build configuration list for PBXNativeTarget "HarborDotMacOSTests" */ = {
			isa = XCConfigurationList;
			buildConfigurations = (
				E14AE7412E98AAEA0099EED7 /* Debug */,
				E14AE7422E98AAEA0099EED7 /* Release */,
			);
			defaultConfigurationIsVisible = 0;
			defaultConfigurationName = Release;
		};
		E14AE7432E98AAEA0099EED7 /* Build configuration list for PBXNativeTarget "HarborDotMacOSUITests" */ = {
			isa = XCConfigurationList;
			buildConfigurations = (
				E14AE7442E98AAEA0099EED7 /* Debug */,
				E14AE7452E98AAEA0099EED7 /* Release */,
			);
			defaultConfigurationIsVisible = 0;
			defaultConfigurationName = Release;
		};
		E177835D2E8DB0FA00E047F4 /* Build configuration list for PBXProject "HarborDot" */ = {
			isa = XCConfigurationList;
			buildConfigurations = (
				E17783832E8DB0FE00E047F4 /* Debug */,
				E17783842E8DB0FE00E047F4 /* Release */,
			);
			defaultConfigurationIsVisible = 0;
			defaultConfigurationName = Release;
		};
		E17783852E8DB0FE00E047F4 /* Build configuration list for PBXNativeTarget "HarborDot" */ = {
			isa = XCConfigurationList;
			buildConfigurations = (
				E17783862E8DB0FE00E047F4 /* Debug */,
				E17783872E8DB0FE00E047F4 /* Release */,
			);
			defaultConfigurationIsVisible = 0;
			defaultConfigurationName = Release;
		};
		E17783882E8DB0FE00E047F4 /* Build configuration list for PBXNativeTarget "HarborDotTests" */ = {
			isa = XCConfigurationList;
			buildConfigurations = (
				E17783892E8DB0FE00E047F4 /* Debug */,
				E177838A2E8DB0FE00E047F4 /* Release */,
			);
			defaultConfigurationIsVisible = 0;
			defaultConfigurationName = Release;
		};
		E177838B2E8DB0FE00E047F4 /* Build configuration list for PBXNativeTarget "HarborDotUITests" */ = {
			isa = XCConfigurationList;
			buildConfigurations = (
				E177838C2E8DB0FE00E047F4 /* Debug */,
				E177838D2E8DB0FE00E047F4 /* Release */,
			);
			defaultConfigurationIsVisible = 0;
			defaultConfigurationName = Release;
		};
		E17783D82E900B1C00E047F4 /* Build configuration list for PBXNativeTarget "HarborDotWidgetExtension" */ = {
			isa = XCConfigurationList;
			buildConfigurations = (
				E17783D92E900B1C00E047F4 /* Debug */,
				E17783DA2E900B1C00E047F4 /* Release */,
			);
			defaultConfigurationIsVisible = 0;
			defaultConfigurationName = Release;
		};
		E197731B2E946D8F00293A38 /* Build configuration list for PBXNativeTarget "HarborDot Watch App Watch App" */ = {
			isa = XCConfigurationList;
			buildConfigurations = (
				E197731C2E946D8F00293A38 /* Debug */,
				E197731D2E946D8F00293A38 /* Release */,
			);
			defaultConfigurationIsVisible = 0;
			defaultConfigurationName = Release;
		};
		E197731F2E946D8F00293A38 /* Build configuration list for PBXNativeTarget "HarborDot Watch App Watch AppTests" */ = {
			isa = XCConfigurationList;
			buildConfigurations = (
				E19773202E946D8F00293A38 /* Debug */,
				E19773212E946D8F00293A38 /* Release */,
			);
			defaultConfigurationIsVisible = 0;
			defaultConfigurationName = Release;
		};
		E19773222E946D8F00293A38 /* Build configuration list for PBXNativeTarget "HarborDot Watch App Watch AppUITests" */ = {
			isa = XCConfigurationList;
			buildConfigurations = (
				E19773232E946D8F00293A38 /* Debug */,
				E19773242E946D8F00293A38 /* Release */,
			);
			defaultConfigurationIsVisible = 0;
			defaultConfigurationName = Release;
		};
		E197733C2E946DD300293A38 /* Build configuration list for PBXNativeTarget "HarborDot Watch WidgetExtension" */ = {
			isa = XCConfigurationList;
			buildConfigurations = (
				E197733D2E946DD300293A38 /* Debug */,
				E197733E2E946DD300293A38 /* Release */,
			);
			defaultConfigurationIsVisible = 0;
			defaultConfigurationName = Release;
		};
/* End XCConfigurationList section */
	};
	rootObject = E177835A2E8DB0FA00E047F4 /* Project object */;
}
